// !$*UTF8*$!
{
	archiveVersion = 1;
	classes = {
	};
	objectVersion = 55;
	objects = {

/* Begin PBXBuildFile section */
		7FDCAE61608D1978DB5621EE /* Pods_ToyProjectManagementApp.framework in Frameworks */ = {isa = PBXBuildFile; fileRef = 2D7C2F69DF86D86139AB458C /* Pods_ToyProjectManagementApp.framework */; };
		930491FA291506B300DAAF85 /* ChangeProjectTitlePopup.xib in Resources */ = {isa = PBXBuildFile; fileRef = 930491F9291506B300DAAF85 /* ChangeProjectTitlePopup.xib */; };
		930491FC2915075600DAAF85 /* ChangeProjectTitlePopupViewController.swift in Sources */ = {isa = PBXBuildFile; fileRef = 930491FB2915075600DAAF85 /* ChangeProjectTitlePopupViewController.swift */; };
		9315079B290FC88C000DD700 /* DetailContentColorCell.swift in Sources */ = {isa = PBXBuildFile; fileRef = 9315079A290FC88C000DD700 /* DetailContentColorCell.swift */; };
		9315079D290FC8D5000DD700 /* DetailContentColorCell.xib in Resources */ = {isa = PBXBuildFile; fileRef = 9315079C290FC8D5000DD700 /* DetailContentColorCell.xib */; };
		931F9BB928A7D38B000AFA9E /* ScheduleCell.xib in Resources */ = {isa = PBXBuildFile; fileRef = 931F9BB828A7D38B000AFA9E /* ScheduleCell.xib */; };
		931F9BBB28A7D468000AFA9E /* ScheduleCollectionViewCell.swift in Sources */ = {isa = PBXBuildFile; fileRef = 931F9BBA28A7D468000AFA9E /* ScheduleCollectionViewCell.swift */; };
		93285BEE2801887C00396083 /* GoogleService-Info.plist in Resources */ = {isa = PBXBuildFile; fileRef = 93285BED2801887C00396083 /* GoogleService-Info.plist */; };
		932B5EF428D4B255004CD1E8 /* godoRoundedL.ttf in Resources */ = {isa = PBXBuildFile; fileRef = 932B5EF228D4B252004CD1E8 /* godoRoundedL.ttf */; };
		932B5EF528D4B255004CD1E8 /* godoRoundedR.ttf in Resources */ = {isa = PBXBuildFile; fileRef = 932B5EF328D4B255004CD1E8 /* godoRoundedR.ttf */; };
		9333CC47285C6B6F005C0262 /* projectCollectionViewPopup.xib in Resources */ = {isa = PBXBuildFile; fileRef = 9333CC46285C6B6E005C0262 /* projectCollectionViewPopup.xib */; };
		9333CC49285C7173005C0262 /* ProjectPopupViewController.swift in Sources */ = {isa = PBXBuildFile; fileRef = 9333CC48285C7173005C0262 /* ProjectPopupViewController.swift */; };
		9338C76028FD418A005F6C3B /* ProjectContentViewController+ScrollAnimation.swift in Sources */ = {isa = PBXBuildFile; fileRef = 9338C75F28FD418A005F6C3B /* ProjectContentViewController+ScrollAnimation.swift */; };
		9338C76228FD52D0005F6C3B /* ExtensionUIView.swift in Sources */ = {isa = PBXBuildFile; fileRef = 9338C76128FD52D0005F6C3B /* ExtensionUIView.swift */; };
		9338C76429014929005F6C3B /* ProjectContentViewController+Delegate.swift in Sources */ = {isa = PBXBuildFile; fileRef = 9338C76329014929005F6C3B /* ProjectContentViewController+Delegate.swift */; };
		9338C7662902EA2A005F6C3B /* ChangeListTitlePopup.xib in Resources */ = {isa = PBXBuildFile; fileRef = 9338C7652902EA2A005F6C3B /* ChangeListTitlePopup.xib */; };
		9338C7682902EA92005F6C3B /* ChangeListTitlePopupViewController.swift in Sources */ = {isa = PBXBuildFile; fileRef = 9338C7672902EA92005F6C3B /* ChangeListTitlePopupViewController.swift */; };
		9338C76C2907F4D8005F6C3B /* DeleteListPopup.xib in Resources */ = {isa = PBXBuildFile; fileRef = 9338C76B2907F4D8005F6C3B /* DeleteListPopup.xib */; };
		9338C76E2907F506005F6C3B /* DeleteListPopupViewController.swift in Sources */ = {isa = PBXBuildFile; fileRef = 9338C76D2907F506005F6C3B /* DeleteListPopupViewController.swift */; };
		9338C770290817C7005F6C3B /* ProjectDetailContent.storyboard in Resources */ = {isa = PBXBuildFile; fileRef = 9338C76F290817C7005F6C3B /* ProjectDetailContent.storyboard */; };
		9338C772290A85DC005F6C3B /* CardColorUIView.xib in Resources */ = {isa = PBXBuildFile; fileRef = 9338C771290A85DC005F6C3B /* CardColorUIView.xib */; };
		9338C779290AA161005F6C3B /* ProjectCollectionReusableView.swift in Sources */ = {isa = PBXBuildFile; fileRef = 9338C778290AA161005F6C3B /* ProjectCollectionReusableView.swift */; };
		933BAEDA28E5A49A003DDFCF /* ReallyCheckPopupViewController.swift in Sources */ = {isa = PBXBuildFile; fileRef = 933BAED928E5A49A003DDFCF /* ReallyCheckPopupViewController.swift */; };
		933BAEDE28E5AD04003DDFCF /* ReallyCheckPopup.xib in Resources */ = {isa = PBXBuildFile; fileRef = 933BAEDD28E5AD04003DDFCF /* ReallyCheckPopup.xib */; };
		933BAEE028E6EFFE003DDFCF /* CreateProjectPopup.xib in Resources */ = {isa = PBXBuildFile; fileRef = 933BAEDF28E6EFFE003DDFCF /* CreateProjectPopup.xib */; };
		933BAEE228E6F025003DDFCF /* CreateProjectPopupViewController.swift in Sources */ = {isa = PBXBuildFile; fileRef = 933BAEE128E6F025003DDFCF /* CreateProjectPopupViewController.swift */; };
		933BAEE628E81110003DDFCF /* ExtensionNotification.swift in Sources */ = {isa = PBXBuildFile; fileRef = 933BAEE528E81110003DDFCF /* ExtensionNotification.swift */; };
		933BAEE828E8965A003DDFCF /* ChangeProjectPrograssViewController.swift in Sources */ = {isa = PBXBuildFile; fileRef = 933BAEE728E89659003DDFCF /* ChangeProjectPrograssViewController.swift */; };
		933BAEEA28E896BD003DDFCF /* ChangeProjectPrograssPopup.xib in Resources */ = {isa = PBXBuildFile; fileRef = 933BAEE928E896BC003DDFCF /* ChangeProjectPrograssPopup.xib */; };
		933CD6CF2911051C00B5065B /* ProjectContentColor.storyboard in Resources */ = {isa = PBXBuildFile; fileRef = 933CD6CE2911051C00B5065B /* ProjectContentColor.storyboard */; };
		933CD6D12911099200B5065B /* ProjectColorContentViewController.swift in Sources */ = {isa = PBXBuildFile; fileRef = 933CD6D02911099200B5065B /* ProjectColorContentViewController.swift */; };
		933CD6D329110B9500B5065B /* ProjectColorContentCell.swift in Sources */ = {isa = PBXBuildFile; fileRef = 933CD6D229110B9500B5065B /* ProjectColorContentCell.swift */; };
		933CD6D52911312900B5065B /* UserDefault.swift in Sources */ = {isa = PBXBuildFile; fileRef = 933CD6D42911312900B5065B /* UserDefault.swift */; };
		9340DE7E28D4D8EC00B1CEB2 /* GodoB.otf in Resources */ = {isa = PBXBuildFile; fileRef = 9340DE7C28D4D8EB00B1CEB2 /* GodoB.otf */; };
		9340DE7F28D4D8EC00B1CEB2 /* GodoM.otf in Resources */ = {isa = PBXBuildFile; fileRef = 9340DE7D28D4D8EC00B1CEB2 /* GodoM.otf */; };
		9340DE8528D4DEF700B1CEB2 /* LogoImageView.swift in Sources */ = {isa = PBXBuildFile; fileRef = 9340DE8428D4DEF700B1CEB2 /* LogoImageView.swift */; };
		9340DE8728D4DF0A00B1CEB2 /* LogoLabel.swift in Sources */ = {isa = PBXBuildFile; fileRef = 9340DE8628D4DF0A00B1CEB2 /* LogoLabel.swift */; };
		9340DE8928D6E8C700B1CEB2 /* LogoStackView.swift in Sources */ = {isa = PBXBuildFile; fileRef = 9340DE8828D6E8C700B1CEB2 /* LogoStackView.swift */; };
		9340DE8B28D6FB4A00B1CEB2 /* CustomTextField.swift in Sources */ = {isa = PBXBuildFile; fileRef = 9340DE8A28D6FB4A00B1CEB2 /* CustomTextField.swift */; };
		9340DE8D28DB80B300B1CEB2 /* StartViewController.swift in Sources */ = {isa = PBXBuildFile; fileRef = 9340DE8C28DB80B300B1CEB2 /* StartViewController.swift */; };
		9340DE8F28DC666A00B1CEB2 /* ExtensionViewControllerToastMessage.swift in Sources */ = {isa = PBXBuildFile; fileRef = 9340DE8E28DC666A00B1CEB2 /* ExtensionViewControllerToastMessage.swift */; };
		9340E46B2851D29E00338790 /* DetailContentViewController.swift in Sources */ = {isa = PBXBuildFile; fileRef = 9340E46A2851D29D00338790 /* DetailContentViewController.swift */; };
		9340E47B2852050700338790 /* NanumGothicExtraBold.otf in Resources */ = {isa = PBXBuildFile; fileRef = 9340E4772852050700338790 /* NanumGothicExtraBold.otf */; };
		9340E47C2852050700338790 /* NanumGothic.otf in Resources */ = {isa = PBXBuildFile; fileRef = 9340E4782852050700338790 /* NanumGothic.otf */; };
		9340E47D2852050700338790 /* NanumGothicBold.otf in Resources */ = {isa = PBXBuildFile; fileRef = 9340E4792852050700338790 /* NanumGothicBold.otf */; };
		9340E47E2852050700338790 /* NanumGothicLight.otf in Resources */ = {isa = PBXBuildFile; fileRef = 9340E47A2852050700338790 /* NanumGothicLight.otf */; };
		9342D1C728E4662000FD3EED /* ProjectInfo.storyboard in Resources */ = {isa = PBXBuildFile; fileRef = 9342D1C628E4662000FD3EED /* ProjectInfo.storyboard */; };
		9350DB1628F41A2700646C42 /* ProjectContentViewController.swift in Sources */ = {isa = PBXBuildFile; fileRef = 9350DB1528F41A2700646C42 /* ProjectContentViewController.swift */; };
		935145EF289D2057009B1DEF /* projectDate.swift in Sources */ = {isa = PBXBuildFile; fileRef = 935145EE289D2057009B1DEF /* projectDate.swift */; };
		935145F328A1222F009B1DEF /* DateCollectionViewCell.swift in Sources */ = {isa = PBXBuildFile; fileRef = 935145F228A1222F009B1DEF /* DateCollectionViewCell.swift */; };
		9353E3C1287D809700C63681 /* DetailColorContent.swift in Sources */ = {isa = PBXBuildFile; fileRef = 9353E3C0287D809700C63681 /* DetailColorContent.swift */; };
		935CBC862806A1C300759A24 /* MainTabbarViewController.swift in Sources */ = {isa = PBXBuildFile; fileRef = 935CBC852806A1C300759A24 /* MainTabbarViewController.swift */; };
		935CBC882806AD7900759A24 /* ProjectCell.swift in Sources */ = {isa = PBXBuildFile; fileRef = 935CBC872806AD7900759A24 /* ProjectCell.swift */; };
		935CBC8E2806AE5100759A24 /* Project.swift in Sources */ = {isa = PBXBuildFile; fileRef = 935CBC8D2806AE5100759A24 /* Project.swift */; };
		936F8E932897AF0700897316 /* ProjectContentSideMenu.storyboard in Resources */ = {isa = PBXBuildFile; fileRef = 936F8E922897AF0700897316 /* ProjectContentSideMenu.storyboard */; };
		936F8E952897B54C00897316 /* ProjectListManagementViewController.swift in Sources */ = {isa = PBXBuildFile; fileRef = 936F8E942897B54C00897316 /* ProjectListManagementViewController.swift */; };
		936F8E972897B5E800897316 /* ProjectListManagementCell.swift in Sources */ = {isa = PBXBuildFile; fileRef = 936F8E962897B5E800897316 /* ProjectListManagementCell.swift */; };
		936F8E992897BB8D00897316 /* ProjectContentSideBar.xib in Resources */ = {isa = PBXBuildFile; fileRef = 936F8E982897BB8D00897316 /* ProjectContentSideBar.xib */; };
		93722CED28D31880007E1132 /* ExtensionUIColor.swift in Sources */ = {isa = PBXBuildFile; fileRef = 93722CEC28D31880007E1132 /* ExtensionUIColor.swift */; };
		93722CF028D4551D007E1132 /* CustomButton.swift in Sources */ = {isa = PBXBuildFile; fileRef = 93722CEF28D4551D007E1132 /* CustomButton.swift */; };
		937CC55928002F1400F18553 /* Main.storyboard in Resources */ = {isa = PBXBuildFile; fileRef = 937CC55828002F1400F18553 /* Main.storyboard */; };
		937CC55B2800304400F18553 /* LoginViewController.swift in Sources */ = {isa = PBXBuildFile; fileRef = 937CC55A2800304400F18553 /* LoginViewController.swift */; };
		937CC55D2800377600F18553 /* SignUpViewController.swift in Sources */ = {isa = PBXBuildFile; fileRef = 937CC55C2800377600F18553 /* SignUpViewController.swift */; };
		9380D24A27FF1196000DC92E /* SecondTabbarViewController.swift in Sources */ = {isa = PBXBuildFile; fileRef = 9380D24927FF1195000DC92E /* SecondTabbarViewController.swift */; };
		9380D24C27FF13D9000DC92E /* ThirdTabbarViewController.swift in Sources */ = {isa = PBXBuildFile; fileRef = 9380D24B27FF13D9000DC92E /* ThirdTabbarViewController.swift */; };
		93AFDA9C28B4CE1B009E815F /* ProjectIdPopup.xib in Resources */ = {isa = PBXBuildFile; fileRef = 93AFDA9B28B4CE1B009E815F /* ProjectIdPopup.xib */; };
		93AFDA9E28B4CFCE009E815F /* ProjectIDPopupViewController.swift in Sources */ = {isa = PBXBuildFile; fileRef = 93AFDA9D28B4CFCE009E815F /* ProjectIDPopupViewController.swift */; };
		93AFDAA028B4D5FD009E815F /* ProjectIDCell.xib in Resources */ = {isa = PBXBuildFile; fileRef = 93AFDA9F28B4D5FD009E815F /* ProjectIDCell.xib */; };
		93AFDAA228B4D69F009E815F /* ProjectIDCollectionViewCell.swift in Sources */ = {isa = PBXBuildFile; fileRef = 93AFDAA128B4D69F009E815F /* ProjectIDCollectionViewCell.swift */; };
		93B6FE3628F54E2E00181605 /* ProjectContentCollectionViewCell.swift in Sources */ = {isa = PBXBuildFile; fileRef = 93B6FE3528F54E2E00181605 /* ProjectContentCollectionViewCell.swift */; };
		93B6FE3928F56AC200181605 /* ProjectCardCell.xib in Resources */ = {isa = PBXBuildFile; fileRef = 93B6FE3828F56AC200181605 /* ProjectCardCell.xib */; };
		93B6FE3B28F5ACB500181605 /* ProjectStickyHeaderView.swift in Sources */ = {isa = PBXBuildFile; fileRef = 93B6FE3A28F5ACB400181605 /* ProjectStickyHeaderView.swift */; };
		93C1C5DC289A8F1B00B4D5EE /* SecondTabbar.storyboard in Resources */ = {isa = PBXBuildFile; fileRef = 93C1C5DB289A8F1B00B4D5EE /* SecondTabbar.storyboard */; };
		93DA8F86282FB16900217360 /* ProjectContentTableViewCell.swift in Sources */ = {isa = PBXBuildFile; fileRef = 93DA8F85282FB16900217360 /* ProjectContentTableViewCell.swift */; };
		93DA8F88282FC1A200217360 /* ProjectContent.swift in Sources */ = {isa = PBXBuildFile; fileRef = 93DA8F87282FC1A200217360 /* ProjectContent.swift */; };
		93DEFA8627FAFF1600827C79 /* AppDelegate.swift in Sources */ = {isa = PBXBuildFile; fileRef = 93DEFA8527FAFF1600827C79 /* AppDelegate.swift */; };
		93DEFA8827FAFF1600827C79 /* SceneDelegate.swift in Sources */ = {isa = PBXBuildFile; fileRef = 93DEFA8727FAFF1600827C79 /* SceneDelegate.swift */; };
		93DEFA9027FAFF1600827C79 /* CooperationApp.xcdatamodeld in Sources */ = {isa = PBXBuildFile; fileRef = 93DEFA8E27FAFF1600827C79 /* CooperationApp.xcdatamodeld */; };
		93DEFA9227FAFF1700827C79 /* Assets.xcassets in Resources */ = {isa = PBXBuildFile; fileRef = 93DEFA9127FAFF1700827C79 /* Assets.xcassets */; };
		93DEFA9527FAFF1700827C79 /* LaunchScreen.storyboard in Resources */ = {isa = PBXBuildFile; fileRef = 93DEFA9327FAFF1700827C79 /* LaunchScreen.storyboard */; };
		93E18D2728F42852003AE3C5 /* ProjectHeaderView.swift in Sources */ = {isa = PBXBuildFile; fileRef = 93E18D2628F42851003AE3C5 /* ProjectHeaderView.swift */; };
		93E18D2B28F4298E003AE3C5 /* ProjectContent.storyboard in Resources */ = {isa = PBXBuildFile; fileRef = 93E18D2A28F4298E003AE3C5 /* ProjectContent.storyboard */; };
		93F9835D28F7E22D00033A46 /* AddCardPopupViewController.swift in Sources */ = {isa = PBXBuildFile; fileRef = 93F9835C28F7E22D00033A46 /* AddCardPopupViewController.swift */; };
		93F9835F28F7E28400033A46 /* AddCardPopup.xib in Resources */ = {isa = PBXBuildFile; fileRef = 93F9835E28F7E28300033A46 /* AddCardPopup.xib */; };
		93F9836128F7E50100033A46 /* AddListPopup.xib in Resources */ = {isa = PBXBuildFile; fileRef = 93F9836028F7E50100033A46 /* AddListPopup.xib */; };
		93F9836328F7E59B00033A46 /* AddListPopupViewController.swift in Sources */ = {isa = PBXBuildFile; fileRef = 93F9836228F7E59B00033A46 /* AddListPopupViewController.swift */; };
		93F9836528F7E69400033A46 /* AddCardListPopup.xib in Resources */ = {isa = PBXBuildFile; fileRef = 93F9836428F7E69400033A46 /* AddCardListPopup.xib */; };
		93F9836728F7E76D00033A46 /* AddCardListPopupViewController.swift in Sources */ = {isa = PBXBuildFile; fileRef = 93F9836628F7E76D00033A46 /* AddCardListPopupViewController.swift */; };
/* End PBXBuildFile section */

/* Begin PBXFileReference section */
		2D7C2F69DF86D86139AB458C /* Pods_ToyProjectManagementApp.framework */ = {isa = PBXFileReference; explicitFileType = wrapper.framework; includeInIndex = 0; path = Pods_ToyProjectManagementApp.framework; sourceTree = BUILT_PRODUCTS_DIR; };
		9040AAC533458F82FCF3EC0A /* Pods-ToyProjectManagementApp.debug.xcconfig */ = {isa = PBXFileReference; includeInIndex = 1; lastKnownFileType = text.xcconfig; name = "Pods-ToyProjectManagementApp.debug.xcconfig"; path = "Target Support Files/Pods-ToyProjectManagementApp/Pods-ToyProjectManagementApp.debug.xcconfig"; sourceTree = "<group>"; };
		9303413228D47EE900722FF8 /* FirebaseFacebookAuthUI.framework */ = {isa = PBXFileReference; explicitFileType = wrapper.framework; path = FirebaseFacebookAuthUI.framework; sourceTree = BUILT_PRODUCTS_DIR; };
		930491F9291506B300DAAF85 /* ChangeProjectTitlePopup.xib */ = {isa = PBXFileReference; lastKnownFileType = file.xib; path = ChangeProjectTitlePopup.xib; sourceTree = "<group>"; };
		930491FB2915075600DAAF85 /* ChangeProjectTitlePopupViewController.swift */ = {isa = PBXFileReference; lastKnownFileType = sourcecode.swift; path = ChangeProjectTitlePopupViewController.swift; sourceTree = "<group>"; };
		9315079A290FC88C000DD700 /* DetailContentColorCell.swift */ = {isa = PBXFileReference; lastKnownFileType = sourcecode.swift; path = DetailContentColorCell.swift; sourceTree = "<group>"; };
		9315079C290FC8D5000DD700 /* DetailContentColorCell.xib */ = {isa = PBXFileReference; lastKnownFileType = file.xib; path = DetailContentColorCell.xib; sourceTree = "<group>"; };
		931F9BB828A7D38B000AFA9E /* ScheduleCell.xib */ = {isa = PBXFileReference; lastKnownFileType = file.xib; path = ScheduleCell.xib; sourceTree = "<group>"; };
		931F9BBA28A7D468000AFA9E /* ScheduleCollectionViewCell.swift */ = {isa = PBXFileReference; lastKnownFileType = sourcecode.swift; path = ScheduleCollectionViewCell.swift; sourceTree = "<group>"; };
		93285BED2801887C00396083 /* GoogleService-Info.plist */ = {isa = PBXFileReference; fileEncoding = 4; lastKnownFileType = text.plist.xml; path = "GoogleService-Info.plist"; sourceTree = "<group>"; };
		932B5EF228D4B252004CD1E8 /* godoRoundedL.ttf */ = {isa = PBXFileReference; lastKnownFileType = file; path = godoRoundedL.ttf; sourceTree = "<group>"; };
		932B5EF328D4B255004CD1E8 /* godoRoundedR.ttf */ = {isa = PBXFileReference; lastKnownFileType = file; path = godoRoundedR.ttf; sourceTree = "<group>"; };
		9333CC46285C6B6E005C0262 /* projectCollectionViewPopup.xib */ = {isa = PBXFileReference; lastKnownFileType = file.xib; path = projectCollectionViewPopup.xib; sourceTree = "<group>"; };
		9333CC48285C7173005C0262 /* ProjectPopupViewController.swift */ = {isa = PBXFileReference; lastKnownFileType = sourcecode.swift; path = ProjectPopupViewController.swift; sourceTree = "<group>"; };
		9338C75F28FD418A005F6C3B /* ProjectContentViewController+ScrollAnimation.swift */ = {isa = PBXFileReference; lastKnownFileType = sourcecode.swift; path = "ProjectContentViewController+ScrollAnimation.swift"; sourceTree = "<group>"; };
		9338C76128FD52D0005F6C3B /* ExtensionUIView.swift */ = {isa = PBXFileReference; lastKnownFileType = sourcecode.swift; path = ExtensionUIView.swift; sourceTree = "<group>"; };
		9338C76329014929005F6C3B /* ProjectContentViewController+Delegate.swift */ = {isa = PBXFileReference; lastKnownFileType = sourcecode.swift; path = "ProjectContentViewController+Delegate.swift"; sourceTree = "<group>"; };
		9338C7652902EA2A005F6C3B /* ChangeListTitlePopup.xib */ = {isa = PBXFileReference; lastKnownFileType = file.xib; path = ChangeListTitlePopup.xib; sourceTree = "<group>"; };
		9338C7672902EA92005F6C3B /* ChangeListTitlePopupViewController.swift */ = {isa = PBXFileReference; lastKnownFileType = sourcecode.swift; path = ChangeListTitlePopupViewController.swift; sourceTree = "<group>"; };
		9338C76B2907F4D8005F6C3B /* DeleteListPopup.xib */ = {isa = PBXFileReference; lastKnownFileType = file.xib; path = DeleteListPopup.xib; sourceTree = "<group>"; };
		9338C76D2907F506005F6C3B /* DeleteListPopupViewController.swift */ = {isa = PBXFileReference; lastKnownFileType = sourcecode.swift; path = DeleteListPopupViewController.swift; sourceTree = "<group>"; };
		9338C76F290817C7005F6C3B /* ProjectDetailContent.storyboard */ = {isa = PBXFileReference; lastKnownFileType = file.storyboard; path = ProjectDetailContent.storyboard; sourceTree = "<group>"; };
		9338C771290A85DC005F6C3B /* CardColorUIView.xib */ = {isa = PBXFileReference; lastKnownFileType = file.xib; path = CardColorUIView.xib; sourceTree = "<group>"; };
		9338C778290AA161005F6C3B /* ProjectCollectionReusableView.swift */ = {isa = PBXFileReference; lastKnownFileType = sourcecode.swift; path = ProjectCollectionReusableView.swift; sourceTree = "<group>"; };
		933BAED928E5A49A003DDFCF /* ReallyCheckPopupViewController.swift */ = {isa = PBXFileReference; lastKnownFileType = sourcecode.swift; path = ReallyCheckPopupViewController.swift; sourceTree = "<group>"; };
		933BAEDD28E5AD04003DDFCF /* ReallyCheckPopup.xib */ = {isa = PBXFileReference; lastKnownFileType = file.xib; path = ReallyCheckPopup.xib; sourceTree = "<group>"; };
		933BAEDF28E6EFFE003DDFCF /* CreateProjectPopup.xib */ = {isa = PBXFileReference; lastKnownFileType = file.xib; path = CreateProjectPopup.xib; sourceTree = "<group>"; };
		933BAEE128E6F025003DDFCF /* CreateProjectPopupViewController.swift */ = {isa = PBXFileReference; lastKnownFileType = sourcecode.swift; path = CreateProjectPopupViewController.swift; sourceTree = "<group>"; };
		933BAEE528E81110003DDFCF /* ExtensionNotification.swift */ = {isa = PBXFileReference; lastKnownFileType = sourcecode.swift; path = ExtensionNotification.swift; sourceTree = "<group>"; };
		933BAEE728E89659003DDFCF /* ChangeProjectPrograssViewController.swift */ = {isa = PBXFileReference; lastKnownFileType = sourcecode.swift; path = ChangeProjectPrograssViewController.swift; sourceTree = "<group>"; };
		933BAEE928E896BC003DDFCF /* ChangeProjectPrograssPopup.xib */ = {isa = PBXFileReference; lastKnownFileType = file.xib; path = ChangeProjectPrograssPopup.xib; sourceTree = "<group>"; };
		933CD6CE2911051C00B5065B /* ProjectContentColor.storyboard */ = {isa = PBXFileReference; lastKnownFileType = file.storyboard; path = ProjectContentColor.storyboard; sourceTree = "<group>"; };
		933CD6D02911099200B5065B /* ProjectColorContentViewController.swift */ = {isa = PBXFileReference; lastKnownFileType = sourcecode.swift; path = ProjectColorContentViewController.swift; sourceTree = "<group>"; };
		933CD6D229110B9500B5065B /* ProjectColorContentCell.swift */ = {isa = PBXFileReference; lastKnownFileType = sourcecode.swift; path = ProjectColorContentCell.swift; sourceTree = "<group>"; };
		933CD6D42911312900B5065B /* UserDefault.swift */ = {isa = PBXFileReference; lastKnownFileType = sourcecode.swift; path = UserDefault.swift; sourceTree = "<group>"; };
		9340DE7C28D4D8EB00B1CEB2 /* GodoB.otf */ = {isa = PBXFileReference; lastKnownFileType = file; path = GodoB.otf; sourceTree = "<group>"; };
		9340DE7D28D4D8EC00B1CEB2 /* GodoM.otf */ = {isa = PBXFileReference; lastKnownFileType = file; path = GodoM.otf; sourceTree = "<group>"; };
		9340DE8428D4DEF700B1CEB2 /* LogoImageView.swift */ = {isa = PBXFileReference; lastKnownFileType = sourcecode.swift; path = LogoImageView.swift; sourceTree = "<group>"; };
		9340DE8628D4DF0A00B1CEB2 /* LogoLabel.swift */ = {isa = PBXFileReference; lastKnownFileType = sourcecode.swift; path = LogoLabel.swift; sourceTree = "<group>"; };
		9340DE8828D6E8C700B1CEB2 /* LogoStackView.swift */ = {isa = PBXFileReference; lastKnownFileType = sourcecode.swift; path = LogoStackView.swift; sourceTree = "<group>"; };
		9340DE8A28D6FB4A00B1CEB2 /* CustomTextField.swift */ = {isa = PBXFileReference; lastKnownFileType = sourcecode.swift; path = CustomTextField.swift; sourceTree = "<group>"; };
		9340DE8C28DB80B300B1CEB2 /* StartViewController.swift */ = {isa = PBXFileReference; lastKnownFileType = sourcecode.swift; path = StartViewController.swift; sourceTree = "<group>"; };
		9340DE8E28DC666A00B1CEB2 /* ExtensionViewControllerToastMessage.swift */ = {isa = PBXFileReference; lastKnownFileType = sourcecode.swift; path = ExtensionViewControllerToastMessage.swift; sourceTree = "<group>"; };
		9340E46A2851D29D00338790 /* DetailContentViewController.swift */ = {isa = PBXFileReference; lastKnownFileType = sourcecode.swift; path = DetailContentViewController.swift; sourceTree = "<group>"; };
		9340E4772852050700338790 /* NanumGothicExtraBold.otf */ = {isa = PBXFileReference; lastKnownFileType = file; path = NanumGothicExtraBold.otf; sourceTree = "<group>"; };
		9340E4782852050700338790 /* NanumGothic.otf */ = {isa = PBXFileReference; lastKnownFileType = file; path = NanumGothic.otf; sourceTree = "<group>"; };
		9340E4792852050700338790 /* NanumGothicBold.otf */ = {isa = PBXFileReference; lastKnownFileType = file; path = NanumGothicBold.otf; sourceTree = "<group>"; };
		9340E47A2852050700338790 /* NanumGothicLight.otf */ = {isa = PBXFileReference; lastKnownFileType = file; path = NanumGothicLight.otf; sourceTree = "<group>"; };
		9342D1C628E4662000FD3EED /* ProjectInfo.storyboard */ = {isa = PBXFileReference; lastKnownFileType = file.storyboard; path = ProjectInfo.storyboard; sourceTree = "<group>"; };
		9350DB1528F41A2700646C42 /* ProjectContentViewController.swift */ = {isa = PBXFileReference; lastKnownFileType = sourcecode.swift; path = ProjectContentViewController.swift; sourceTree = "<group>"; };
		935145EE289D2057009B1DEF /* projectDate.swift */ = {isa = PBXFileReference; lastKnownFileType = sourcecode.swift; path = projectDate.swift; sourceTree = "<group>"; };
		935145F228A1222F009B1DEF /* DateCollectionViewCell.swift */ = {isa = PBXFileReference; lastKnownFileType = sourcecode.swift; path = DateCollectionViewCell.swift; sourceTree = "<group>"; };
		9353E3C0287D809700C63681 /* DetailColorContent.swift */ = {isa = PBXFileReference; lastKnownFileType = sourcecode.swift; path = DetailColorContent.swift; sourceTree = "<group>"; };
		935CBC852806A1C300759A24 /* MainTabbarViewController.swift */ = {isa = PBXFileReference; lastKnownFileType = sourcecode.swift; path = MainTabbarViewController.swift; sourceTree = "<group>"; };
		935CBC872806AD7900759A24 /* ProjectCell.swift */ = {isa = PBXFileReference; lastKnownFileType = sourcecode.swift; path = ProjectCell.swift; sourceTree = "<group>"; };
		935CBC8D2806AE5100759A24 /* Project.swift */ = {isa = PBXFileReference; lastKnownFileType = sourcecode.swift; path = Project.swift; sourceTree = "<group>"; };
		936F8E922897AF0700897316 /* ProjectContentSideMenu.storyboard */ = {isa = PBXFileReference; lastKnownFileType = file.storyboard; path = ProjectContentSideMenu.storyboard; sourceTree = "<group>"; };
		936F8E942897B54C00897316 /* ProjectListManagementViewController.swift */ = {isa = PBXFileReference; lastKnownFileType = sourcecode.swift; path = ProjectListManagementViewController.swift; sourceTree = "<group>"; };
		936F8E962897B5E800897316 /* ProjectListManagementCell.swift */ = {isa = PBXFileReference; lastKnownFileType = sourcecode.swift; path = ProjectListManagementCell.swift; sourceTree = "<group>"; };
		936F8E982897BB8D00897316 /* ProjectContentSideBar.xib */ = {isa = PBXFileReference; lastKnownFileType = file.xib; path = ProjectContentSideBar.xib; sourceTree = "<group>"; };
		93722CEC28D31880007E1132 /* ExtensionUIColor.swift */ = {isa = PBXFileReference; lastKnownFileType = sourcecode.swift; path = ExtensionUIColor.swift; sourceTree = "<group>"; };
		93722CEF28D4551D007E1132 /* CustomButton.swift */ = {isa = PBXFileReference; lastKnownFileType = sourcecode.swift; path = CustomButton.swift; sourceTree = "<group>"; };
		937CC55828002F1400F18553 /* Main.storyboard */ = {isa = PBXFileReference; lastKnownFileType = file.storyboard; path = Main.storyboard; sourceTree = "<group>"; };
		937CC55A2800304400F18553 /* LoginViewController.swift */ = {isa = PBXFileReference; lastKnownFileType = sourcecode.swift; path = LoginViewController.swift; sourceTree = "<group>"; };
		937CC55C2800377600F18553 /* SignUpViewController.swift */ = {isa = PBXFileReference; lastKnownFileType = sourcecode.swift; path = SignUpViewController.swift; sourceTree = "<group>"; };
		9380D24927FF1195000DC92E /* SecondTabbarViewController.swift */ = {isa = PBXFileReference; lastKnownFileType = sourcecode.swift; path = SecondTabbarViewController.swift; sourceTree = "<group>"; };
		9380D24B27FF13D9000DC92E /* ThirdTabbarViewController.swift */ = {isa = PBXFileReference; lastKnownFileType = sourcecode.swift; path = ThirdTabbarViewController.swift; sourceTree = "<group>"; };
		93AFDA9B28B4CE1B009E815F /* ProjectIdPopup.xib */ = {isa = PBXFileReference; lastKnownFileType = file.xib; path = ProjectIdPopup.xib; sourceTree = "<group>"; };
		93AFDA9D28B4CFCE009E815F /* ProjectIDPopupViewController.swift */ = {isa = PBXFileReference; lastKnownFileType = sourcecode.swift; path = ProjectIDPopupViewController.swift; sourceTree = "<group>"; };
		93AFDA9F28B4D5FD009E815F /* ProjectIDCell.xib */ = {isa = PBXFileReference; lastKnownFileType = file.xib; path = ProjectIDCell.xib; sourceTree = "<group>"; };
		93AFDAA128B4D69F009E815F /* ProjectIDCollectionViewCell.swift */ = {isa = PBXFileReference; lastKnownFileType = sourcecode.swift; path = ProjectIDCollectionViewCell.swift; sourceTree = "<group>"; };
		93B6FE3528F54E2E00181605 /* ProjectContentCollectionViewCell.swift */ = {isa = PBXFileReference; lastKnownFileType = sourcecode.swift; path = ProjectContentCollectionViewCell.swift; sourceTree = "<group>"; };
		93B6FE3828F56AC200181605 /* ProjectCardCell.xib */ = {isa = PBXFileReference; lastKnownFileType = file.xib; path = ProjectCardCell.xib; sourceTree = "<group>"; };
		93B6FE3A28F5ACB400181605 /* ProjectStickyHeaderView.swift */ = {isa = PBXFileReference; lastKnownFileType = sourcecode.swift; path = ProjectStickyHeaderView.swift; sourceTree = "<group>"; };
		93C1C5DB289A8F1B00B4D5EE /* SecondTabbar.storyboard */ = {isa = PBXFileReference; lastKnownFileType = file.storyboard; path = SecondTabbar.storyboard; sourceTree = "<group>"; };
		93DA8F85282FB16900217360 /* ProjectContentTableViewCell.swift */ = {isa = PBXFileReference; lastKnownFileType = sourcecode.swift; path = ProjectContentTableViewCell.swift; sourceTree = "<group>"; };
		93DA8F87282FC1A200217360 /* ProjectContent.swift */ = {isa = PBXFileReference; lastKnownFileType = sourcecode.swift; path = ProjectContent.swift; sourceTree = "<group>"; };
		93DEFA8227FAFF1600827C79 /* ToyProjectManagementApp.app */ = {isa = PBXFileReference; explicitFileType = wrapper.application; includeInIndex = 0; path = ToyProjectManagementApp.app; sourceTree = BUILT_PRODUCTS_DIR; };
		93DEFA8527FAFF1600827C79 /* AppDelegate.swift */ = {isa = PBXFileReference; lastKnownFileType = sourcecode.swift; path = AppDelegate.swift; sourceTree = "<group>"; };
		93DEFA8727FAFF1600827C79 /* SceneDelegate.swift */ = {isa = PBXFileReference; lastKnownFileType = sourcecode.swift; path = SceneDelegate.swift; sourceTree = "<group>"; };
		93DEFA8F27FAFF1600827C79 /* CooperationApp.xcdatamodel */ = {isa = PBXFileReference; lastKnownFileType = wrapper.xcdatamodel; path = CooperationApp.xcdatamodel; sourceTree = "<group>"; };
		93DEFA9127FAFF1700827C79 /* Assets.xcassets */ = {isa = PBXFileReference; lastKnownFileType = folder.assetcatalog; path = Assets.xcassets; sourceTree = "<group>"; };
		93DEFA9427FAFF1700827C79 /* Base */ = {isa = PBXFileReference; lastKnownFileType = file.storyboard; name = Base; path = Base.lproj/LaunchScreen.storyboard; sourceTree = "<group>"; };
		93DEFA9627FAFF1700827C79 /* Info.plist */ = {isa = PBXFileReference; lastKnownFileType = text.plist.xml; path = Info.plist; sourceTree = "<group>"; };
		93E18D2128F42296003AE3C5 /* XCTest.framework */ = {isa = PBXFileReference; lastKnownFileType = wrapper.framework; name = XCTest.framework; path = Platforms/iPhoneOS.platform/Developer/Library/Frameworks/XCTest.framework; sourceTree = DEVELOPER_DIR; };
		93E18D2328F4232F003AE3C5 /* FirebaseFacebookAuthUI.framework */ = {isa = PBXFileReference; explicitFileType = wrapper.framework; path = FirebaseFacebookAuthUI.framework; sourceTree = BUILT_PRODUCTS_DIR; };
		93E18D2628F42851003AE3C5 /* ProjectHeaderView.swift */ = {isa = PBXFileReference; lastKnownFileType = sourcecode.swift; path = ProjectHeaderView.swift; sourceTree = "<group>"; };
		93E18D2A28F4298E003AE3C5 /* ProjectContent.storyboard */ = {isa = PBXFileReference; lastKnownFileType = file.storyboard; path = ProjectContent.storyboard; sourceTree = "<group>"; };
		93F9835C28F7E22D00033A46 /* AddCardPopupViewController.swift */ = {isa = PBXFileReference; lastKnownFileType = sourcecode.swift; path = AddCardPopupViewController.swift; sourceTree = "<group>"; };
		93F9835E28F7E28300033A46 /* AddCardPopup.xib */ = {isa = PBXFileReference; lastKnownFileType = file.xib; path = AddCardPopup.xib; sourceTree = "<group>"; };
		93F9836028F7E50100033A46 /* AddListPopup.xib */ = {isa = PBXFileReference; lastKnownFileType = file.xib; path = AddListPopup.xib; sourceTree = "<group>"; };
		93F9836228F7E59B00033A46 /* AddListPopupViewController.swift */ = {isa = PBXFileReference; lastKnownFileType = sourcecode.swift; path = AddListPopupViewController.swift; sourceTree = "<group>"; };
		93F9836428F7E69400033A46 /* AddCardListPopup.xib */ = {isa = PBXFileReference; lastKnownFileType = file.xib; path = AddCardListPopup.xib; sourceTree = "<group>"; };
		93F9836628F7E76D00033A46 /* AddCardListPopupViewController.swift */ = {isa = PBXFileReference; lastKnownFileType = sourcecode.swift; path = AddCardListPopupViewController.swift; sourceTree = "<group>"; };
		EF4E6BEC848B616B6A4E3389 /* Pods-ToyProjectManagementApp.release.xcconfig */ = {isa = PBXFileReference; includeInIndex = 1; lastKnownFileType = text.xcconfig; name = "Pods-ToyProjectManagementApp.release.xcconfig"; path = "Target Support Files/Pods-ToyProjectManagementApp/Pods-ToyProjectManagementApp.release.xcconfig"; sourceTree = "<group>"; };
/* End PBXFileReference section */

/* Begin PBXFrameworksBuildPhase section */
		93DEFA7F27FAFF1600827C79 /* Frameworks */ = {
			isa = PBXFrameworksBuildPhase;
			buildActionMask = 2147483647;
			files = (
				7FDCAE61608D1978DB5621EE /* Pods_ToyProjectManagementApp.framework in Frameworks */,
			);
			runOnlyForDeploymentPostprocessing = 0;
		};
/* End PBXFrameworksBuildPhase section */

/* Begin PBXGroup section */
		68BFDA4782678AAFA159C129 /* Pods */ = {
			isa = PBXGroup;
			children = (
				9040AAC533458F82FCF3EC0A /* Pods-ToyProjectManagementApp.debug.xcconfig */,
				EF4E6BEC848B616B6A4E3389 /* Pods-ToyProjectManagementApp.release.xcconfig */,
			);
			path = Pods;
			sourceTree = "<group>";
		};
		9301D3052803504A0010191F /* Views */ = {
			isa = PBXGroup;
			children = (
				937CC55828002F1400F18553 /* Main.storyboard */,
				93E18D2A28F4298E003AE3C5 /* ProjectContent.storyboard */,
				933CD6CE2911051C00B5065B /* ProjectContentColor.storyboard */,
				936F8E922897AF0700897316 /* ProjectContentSideMenu.storyboard */,
				9338C76F290817C7005F6C3B /* ProjectDetailContent.storyboard */,
				93DEFA9327FAFF1700827C79 /* LaunchScreen.storyboard */,
				93C1C5DB289A8F1B00B4D5EE /* SecondTabbar.storyboard */,
				9342D1C628E4662000FD3EED /* ProjectInfo.storyboard */,
				9338C771290A85DC005F6C3B /* CardColorUIView.xib */,
				9349948D2850905800AAD69B /* Popup */,
				93DA8F84282FB0FB00217360 /* Cell */,
			);
			path = Views;
			sourceTree = "<group>";
		};
		9301D306280350C60010191F /* ViewControllers */ = {
			isa = PBXGroup;
			children = (
				935CBC8F2806B05F00759A24 /* User */,
				935CBC892806AD8D00759A24 /* Main */,
				935CBC8A2806AD9D00759A24 /* Second */,
				935CBC8B2806ADA900759A24 /* Third */,
			);
			path = ViewControllers;
			sourceTree = "<group>";
		};
		9301D307280351200010191F /* AppDelegates */ = {
			isa = PBXGroup;
			children = (
				93DEFA8527FAFF1600827C79 /* AppDelegate.swift */,
				93DEFA8727FAFF1600827C79 /* SceneDelegate.swift */,
			);
			path = AppDelegates;
			sourceTree = "<group>";
		};
		9301D3082803513E0010191F /* Assets */ = {
			isa = PBXGroup;
			children = (
				93DEFA9127FAFF1700827C79 /* Assets.xcassets */,
			);
			path = Assets;
			sourceTree = "<group>";
		};
		9315079E291100F9000DD700 /* ProjectColorContent */ = {
			isa = PBXGroup;
			children = (
				933CD6D02911099200B5065B /* ProjectColorContentViewController.swift */,
				933CD6D229110B9500B5065B /* ProjectColorContentCell.swift */,
			);
			path = ProjectColorContent;
			sourceTree = "<group>";
		};
		9338C76929041C24005F6C3B /* popup */ = {
			isa = PBXGroup;
			children = (
				930491FB2915075600DAAF85 /* ChangeProjectTitlePopupViewController.swift */,
				933BAED928E5A49A003DDFCF /* ReallyCheckPopupViewController.swift */,
				9333CC48285C7173005C0262 /* ProjectPopupViewController.swift */,
				933BAEE728E89659003DDFCF /* ChangeProjectPrograssViewController.swift */,
				933BAEE128E6F025003DDFCF /* CreateProjectPopupViewController.swift */,
				9338C7672902EA92005F6C3B /* ChangeListTitlePopupViewController.swift */,
				9338C76D2907F506005F6C3B /* DeleteListPopupViewController.swift */,
				93F9836628F7E76D00033A46 /* AddCardListPopupViewController.swift */,
				93F9836228F7E59B00033A46 /* AddListPopupViewController.swift */,
				93F9835C28F7E22D00033A46 /* AddCardPopupViewController.swift */,
			);
			path = popup;
			sourceTree = "<group>";
		};
		9338C76A290421AB005F6C3B /* ProjectListManagement */ = {
			isa = PBXGroup;
			children = (
				936F8E942897B54C00897316 /* ProjectListManagementViewController.swift */,
				936F8E962897B5E800897316 /* ProjectListManagementCell.swift */,
			);
			path = ProjectListManagement;
			sourceTree = "<group>";
		};
		9340E476285204E100338790 /* Fonts */ = {
			isa = PBXGroup;
			children = (
				9340DE7C28D4D8EB00B1CEB2 /* GodoB.otf */,
				9340DE7D28D4D8EC00B1CEB2 /* GodoM.otf */,
				932B5EF228D4B252004CD1E8 /* godoRoundedL.ttf */,
				932B5EF328D4B255004CD1E8 /* godoRoundedR.ttf */,
				9340E4782852050700338790 /* NanumGothic.otf */,
				9340E4792852050700338790 /* NanumGothicBold.otf */,
				9340E4772852050700338790 /* NanumGothicExtraBold.otf */,
				9340E47A2852050700338790 /* NanumGothicLight.otf */,
			);
			path = Fonts;
			sourceTree = "<group>";
		};
		9349948D2850905800AAD69B /* Popup */ = {
			isa = PBXGroup;
			children = (
				9333CC46285C6B6E005C0262 /* projectCollectionViewPopup.xib */,
				93AFDA9B28B4CE1B009E815F /* ProjectIdPopup.xib */,
				933BAEDD28E5AD04003DDFCF /* ReallyCheckPopup.xib */,
				933BAEE928E896BC003DDFCF /* ChangeProjectPrograssPopup.xib */,
				933BAEDF28E6EFFE003DDFCF /* CreateProjectPopup.xib */,
				93F9836428F7E69400033A46 /* AddCardListPopup.xib */,
				93F9835E28F7E28300033A46 /* AddCardPopup.xib */,
				93F9836028F7E50100033A46 /* AddListPopup.xib */,
				9338C7652902EA2A005F6C3B /* ChangeListTitlePopup.xib */,
				9338C76B2907F4D8005F6C3B /* DeleteListPopup.xib */,
				930491F9291506B300DAAF85 /* ChangeProjectTitlePopup.xib */,
			);
			path = Popup;
			sourceTree = "<group>";
		};
		935CBC892806AD8D00759A24 /* Main */ = {
			isa = PBXGroup;
			children = (
				935CBC852806A1C300759A24 /* MainTabbarViewController.swift */,
				9338C778290AA161005F6C3B /* ProjectCollectionReusableView.swift */,
				935CBC872806AD7900759A24 /* ProjectCell.swift */,
				93F8E4BF282BB8F400F888F0 /* ProjectContent */,
				93B6FE3728F5566700181605 /* DetailProjectContent */,
				9315079E291100F9000DD700 /* ProjectColorContent */,
				9338C76A290421AB005F6C3B /* ProjectListManagement */,
				9338C76929041C24005F6C3B /* popup */,
			);
			path = Main;
			sourceTree = "<group>";
		};
		935CBC8A2806AD9D00759A24 /* Second */ = {
			isa = PBXGroup;
			children = (
				9380D24927FF1195000DC92E /* SecondTabbarViewController.swift */,
				935145F228A1222F009B1DEF /* DateCollectionViewCell.swift */,
				931F9BBA28A7D468000AFA9E /* ScheduleCollectionViewCell.swift */,
				93AFDA9D28B4CFCE009E815F /* ProjectIDPopupViewController.swift */,
				93AFDAA128B4D69F009E815F /* ProjectIDCollectionViewCell.swift */,
			);
			path = Second;
			sourceTree = "<group>";
		};
		935CBC8B2806ADA900759A24 /* Third */ = {
			isa = PBXGroup;
			children = (
				9380D24B27FF13D9000DC92E /* ThirdTabbarViewController.swift */,
			);
			path = Third;
			sourceTree = "<group>";
		};
		935CBC8C2806AE3B00759A24 /* Model */ = {
			isa = PBXGroup;
			children = (
				933CD6D42911312900B5065B /* UserDefault.swift */,
				935CBC8D2806AE5100759A24 /* Project.swift */,
				93DA8F87282FC1A200217360 /* ProjectContent.swift */,
				935145EE289D2057009B1DEF /* projectDate.swift */,
				9353E3C0287D809700C63681 /* DetailColorContent.swift */,
			);
			path = Model;
			sourceTree = "<group>";
		};
		935CBC8F2806B05F00759A24 /* User */ = {
			isa = PBXGroup;
			children = (
				9340DE8C28DB80B300B1CEB2 /* StartViewController.swift */,
				937CC55A2800304400F18553 /* LoginViewController.swift */,
				937CC55C2800377600F18553 /* SignUpViewController.swift */,
			);
			path = User;
			sourceTree = "<group>";
		};
		93722CEB28D31862007E1132 /* Extension */ = {
			isa = PBXGroup;
			children = (
				9340DE8E28DC666A00B1CEB2 /* ExtensionViewControllerToastMessage.swift */,
				93722CEC28D31880007E1132 /* ExtensionUIColor.swift */,
				933BAEE528E81110003DDFCF /* ExtensionNotification.swift */,
				9338C76128FD52D0005F6C3B /* ExtensionUIView.swift */,
			);
			path = Extension;
			sourceTree = "<group>";
		};
		93722CEE28D453E0007E1132 /* CustomUI */ = {
			isa = PBXGroup;
			children = (
				93722CEF28D4551D007E1132 /* CustomButton.swift */,
				9340DE8428D4DEF700B1CEB2 /* LogoImageView.swift */,
				9340DE8628D4DF0A00B1CEB2 /* LogoLabel.swift */,
				9340DE8828D6E8C700B1CEB2 /* LogoStackView.swift */,
				9340DE8A28D6FB4A00B1CEB2 /* CustomTextField.swift */,
			);
			path = CustomUI;
			sourceTree = "<group>";
		};
		93B6FE3728F5566700181605 /* DetailProjectContent */ = {
			isa = PBXGroup;
			children = (
				9340E46A2851D29D00338790 /* DetailContentViewController.swift */,
				9315079A290FC88C000DD700 /* DetailContentColorCell.swift */,
			);
			path = DetailProjectContent;
			sourceTree = "<group>";
		};
		93DA8F84282FB0FB00217360 /* Cell */ = {
			isa = PBXGroup;
			children = (
				93B6FE3828F56AC200181605 /* ProjectCardCell.xib */,
				936F8E982897BB8D00897316 /* ProjectContentSideBar.xib */,
				931F9BB828A7D38B000AFA9E /* ScheduleCell.xib */,
				93AFDA9F28B4D5FD009E815F /* ProjectIDCell.xib */,
				9315079C290FC8D5000DD700 /* DetailContentColorCell.xib */,
			);
			path = Cell;
			sourceTree = "<group>";
		};
		93DEFA7927FAFF1500827C79 = {
			isa = PBXGroup;
			children = (
				93DEFA8427FAFF1600827C79 /* ToyProjectManagementApp */,
				93DEFA8327FAFF1600827C79 /* Products */,
				68BFDA4782678AAFA159C129 /* Pods */,
				B5A5F429AAC48C2B322E7B29 /* Frameworks */,
			);
			sourceTree = "<group>";
		};
		93DEFA8327FAFF1600827C79 /* Products */ = {
			isa = PBXGroup;
			children = (
				93DEFA8227FAFF1600827C79 /* ToyProjectManagementApp.app */,
			);
			name = Products;
			sourceTree = "<group>";
		};
		93DEFA8427FAFF1600827C79 /* ToyProjectManagementApp */ = {
			isa = PBXGroup;
			children = (
				9340E476285204E100338790 /* Fonts */,
				9301D3082803513E0010191F /* Assets */,
				9301D307280351200010191F /* AppDelegates */,
				93722CEE28D453E0007E1132 /* CustomUI */,
				93722CEB28D31862007E1132 /* Extension */,
				935CBC8C2806AE3B00759A24 /* Model */,
				9301D306280350C60010191F /* ViewControllers */,
				9301D3052803504A0010191F /* Views */,
				93285BED2801887C00396083 /* GoogleService-Info.plist */,
				93DEFA9627FAFF1700827C79 /* Info.plist */,
				93DEFA8E27FAFF1600827C79 /* CooperationApp.xcdatamodeld */,
			);
			path = ToyProjectManagementApp;
			sourceTree = "<group>";
		};
		93F8E4BF282BB8F400F888F0 /* ProjectContent */ = {
			isa = PBXGroup;
			children = (
				9350DB1528F41A2700646C42 /* ProjectContentViewController.swift */,
				9338C75F28FD418A005F6C3B /* ProjectContentViewController+ScrollAnimation.swift */,
				9338C76329014929005F6C3B /* ProjectContentViewController+Delegate.swift */,
				93DA8F85282FB16900217360 /* ProjectContentTableViewCell.swift */,
				93E18D2628F42851003AE3C5 /* ProjectHeaderView.swift */,
				93B6FE3A28F5ACB400181605 /* ProjectStickyHeaderView.swift */,
				93B6FE3528F54E2E00181605 /* ProjectContentCollectionViewCell.swift */,
			);
			path = ProjectContent;
			sourceTree = "<group>";
		};
		B5A5F429AAC48C2B322E7B29 /* Frameworks */ = {
			isa = PBXGroup;
			children = (
				93E18D2328F4232F003AE3C5 /* FirebaseFacebookAuthUI.framework */,
				93E18D2128F42296003AE3C5 /* XCTest.framework */,
				9303413228D47EE900722FF8 /* FirebaseFacebookAuthUI.framework */,
				2D7C2F69DF86D86139AB458C /* Pods_ToyProjectManagementApp.framework */,
			);
			name = Frameworks;
			sourceTree = "<group>";
		};
/* End PBXGroup section */

/* Begin PBXNativeTarget section */
		93DEFA8127FAFF1600827C79 /* ToyProjectManagementApp */ = {
			isa = PBXNativeTarget;
			buildConfigurationList = 93DEFA9927FAFF1700827C79 /* Build configuration list for PBXNativeTarget "ToyProjectManagementApp" */;
			buildPhases = (
				5368219C207F4A025DF30B8B /* [CP] Check Pods Manifest.lock */,
				93DEFA7E27FAFF1600827C79 /* Sources */,
				93DEFA7F27FAFF1600827C79 /* Frameworks */,
				93DEFA8027FAFF1600827C79 /* Resources */,
				14DA0256ACF2DB08BA44E688 /* [CP] Embed Pods Frameworks */,
				C0FAEA6FDDF878F02D424873 /* [CP] Copy Pods Resources */,
			);
			buildRules = (
			);
			dependencies = (
			);
			name = ToyProjectManagementApp;
			productName = CooperationApp;
			productReference = 93DEFA8227FAFF1600827C79 /* ToyProjectManagementApp.app */;
			productType = "com.apple.product-type.application";
		};
/* End PBXNativeTarget section */

/* Begin PBXProject section */
		93DEFA7A27FAFF1500827C79 /* Project object */ = {
			isa = PBXProject;
			attributes = {
				BuildIndependentTargetsInParallel = 1;
				LastSwiftUpdateCheck = 1330;
				LastUpgradeCheck = 1330;
				TargetAttributes = {
					93DEFA8127FAFF1600827C79 = {
						CreatedOnToolsVersion = 13.3;
					};
				};
			};
			buildConfigurationList = 93DEFA7D27FAFF1500827C79 /* Build configuration list for PBXProject "ToyProjectManagementApp" */;
			compatibilityVersion = "Xcode 13.0";
			developmentRegion = en;
			hasScannedForEncodings = 0;
			knownRegions = (
				en,
				Base,
			);
			mainGroup = 93DEFA7927FAFF1500827C79;
			productRefGroup = 93DEFA8327FAFF1600827C79 /* Products */;
			projectDirPath = "";
			projectRoot = "";
			targets = (
				93DEFA8127FAFF1600827C79 /* ToyProjectManagementApp */,
			);
		};
/* End PBXProject section */

/* Begin PBXResourcesBuildPhase section */
		93DEFA8027FAFF1600827C79 /* Resources */ = {
			isa = PBXResourcesBuildPhase;
			buildActionMask = 2147483647;
			files = (
				9340E47D2852050700338790 /* NanumGothicBold.otf in Resources */,
				933BAEEA28E896BD003DDFCF /* ChangeProjectPrograssPopup.xib in Resources */,
				93AFDA9C28B4CE1B009E815F /* ProjectIdPopup.xib in Resources */,
				9338C76C2907F4D8005F6C3B /* DeleteListPopup.xib in Resources */,
				93B6FE3928F56AC200181605 /* ProjectCardCell.xib in Resources */,
				9340DE7E28D4D8EC00B1CEB2 /* GodoB.otf in Resources */,
				93F9836128F7E50100033A46 /* AddListPopup.xib in Resources */,
				936F8E992897BB8D00897316 /* ProjectContentSideBar.xib in Resources */,
				93AFDAA028B4D5FD009E815F /* ProjectIDCell.xib in Resources */,
				9340E47C2852050700338790 /* NanumGothic.otf in Resources */,
				93E18D2B28F4298E003AE3C5 /* ProjectContent.storyboard in Resources */,
				936F8E932897AF0700897316 /* ProjectContentSideMenu.storyboard in Resources */,
				9338C770290817C7005F6C3B /* ProjectDetailContent.storyboard in Resources */,
				937CC55928002F1400F18553 /* Main.storyboard in Resources */,
				93F9836528F7E69400033A46 /* AddCardListPopup.xib in Resources */,
				932B5EF428D4B255004CD1E8 /* godoRoundedL.ttf in Resources */,
				93285BEE2801887C00396083 /* GoogleService-Info.plist in Resources */,
				9342D1C728E4662000FD3EED /* ProjectInfo.storyboard in Resources */,
				93DEFA9527FAFF1700827C79 /* LaunchScreen.storyboard in Resources */,
				93DEFA9227FAFF1700827C79 /* Assets.xcassets in Resources */,
				93F9835F28F7E28400033A46 /* AddCardPopup.xib in Resources */,
				930491FA291506B300DAAF85 /* ChangeProjectTitlePopup.xib in Resources */,
				9338C7662902EA2A005F6C3B /* ChangeListTitlePopup.xib in Resources */,
				9338C772290A85DC005F6C3B /* CardColorUIView.xib in Resources */,
				932B5EF528D4B255004CD1E8 /* godoRoundedR.ttf in Resources */,
				93C1C5DC289A8F1B00B4D5EE /* SecondTabbar.storyboard in Resources */,
				933BAEDE28E5AD04003DDFCF /* ReallyCheckPopup.xib in Resources */,
				9333CC47285C6B6F005C0262 /* projectCollectionViewPopup.xib in Resources */,
				9340E47B2852050700338790 /* NanumGothicExtraBold.otf in Resources */,
				933CD6CF2911051C00B5065B /* ProjectContentColor.storyboard in Resources */,
				931F9BB928A7D38B000AFA9E /* ScheduleCell.xib in Resources */,
				9315079D290FC8D5000DD700 /* DetailContentColorCell.xib in Resources */,
				9340DE7F28D4D8EC00B1CEB2 /* GodoM.otf in Resources */,
				933BAEE028E6EFFE003DDFCF /* CreateProjectPopup.xib in Resources */,
				9340E47E2852050700338790 /* NanumGothicLight.otf in Resources */,
			);
			runOnlyForDeploymentPostprocessing = 0;
		};
/* End PBXResourcesBuildPhase section */

/* Begin PBXShellScriptBuildPhase section */
		14DA0256ACF2DB08BA44E688 /* [CP] Embed Pods Frameworks */ = {
			isa = PBXShellScriptBuildPhase;
			buildActionMask = 2147483647;
			files = (
			);
			inputFileListPaths = (
				"${PODS_ROOT}/Target Support Files/Pods-ToyProjectManagementApp/Pods-ToyProjectManagementApp-frameworks-${CONFIGURATION}-input-files.xcfilelist",
			);
			name = "[CP] Embed Pods Frameworks";
			outputFileListPaths = (
				"${PODS_ROOT}/Target Support Files/Pods-ToyProjectManagementApp/Pods-ToyProjectManagementApp-frameworks-${CONFIGURATION}-output-files.xcfilelist",
			);
			runOnlyForDeploymentPostprocessing = 0;
			shellPath = /bin/sh;
			shellScript = "\"${PODS_ROOT}/Target Support Files/Pods-ToyProjectManagementApp/Pods-ToyProjectManagementApp-frameworks.sh\"\n";
			showEnvVarsInLog = 0;
		};
		5368219C207F4A025DF30B8B /* [CP] Check Pods Manifest.lock */ = {
			isa = PBXShellScriptBuildPhase;
			buildActionMask = 2147483647;
			files = (
			);
			inputFileListPaths = (
			);
			inputPaths = (
				"${PODS_PODFILE_DIR_PATH}/Podfile.lock",
				"${PODS_ROOT}/Manifest.lock",
			);
			name = "[CP] Check Pods Manifest.lock";
			outputFileListPaths = (
			);
			outputPaths = (
				"$(DERIVED_FILE_DIR)/Pods-ToyProjectManagementApp-checkManifestLockResult.txt",
			);
			runOnlyForDeploymentPostprocessing = 0;
			shellPath = /bin/sh;
			shellScript = "diff \"${PODS_PODFILE_DIR_PATH}/Podfile.lock\" \"${PODS_ROOT}/Manifest.lock\" > /dev/null\nif [ $? != 0 ] ; then\n    # print error to STDERR\n    echo \"error: The sandbox is not in sync with the Podfile.lock. Run 'pod install' or update your CocoaPods installation.\" >&2\n    exit 1\nfi\n# This output is used by Xcode 'outputs' to avoid re-running this script phase.\necho \"SUCCESS\" > \"${SCRIPT_OUTPUT_FILE_0}\"\n";
			showEnvVarsInLog = 0;
		};
		C0FAEA6FDDF878F02D424873 /* [CP] Copy Pods Resources */ = {
			isa = PBXShellScriptBuildPhase;
			buildActionMask = 2147483647;
			files = (
			);
			inputFileListPaths = (
				"${PODS_ROOT}/Target Support Files/Pods-ToyProjectManagementApp/Pods-ToyProjectManagementApp-resources-${CONFIGURATION}-input-files.xcfilelist",
			);
			name = "[CP] Copy Pods Resources";
			outputFileListPaths = (
				"${PODS_ROOT}/Target Support Files/Pods-ToyProjectManagementApp/Pods-ToyProjectManagementApp-resources-${CONFIGURATION}-output-files.xcfilelist",
			);
			runOnlyForDeploymentPostprocessing = 0;
			shellPath = /bin/sh;
			shellScript = "\"${PODS_ROOT}/Target Support Files/Pods-ToyProjectManagementApp/Pods-ToyProjectManagementApp-resources.sh\"\n";
			showEnvVarsInLog = 0;
		};
/* End PBXShellScriptBuildPhase section */

/* Begin PBXSourcesBuildPhase section */
		93DEFA7E27FAFF1600827C79 /* Sources */ = {
			isa = PBXSourcesBuildPhase;
			buildActionMask = 2147483647;
			files = (
				9340DE8D28DB80B300B1CEB2 /* StartViewController.swift in Sources */,
				93E18D2728F42852003AE3C5 /* ProjectHeaderView.swift in Sources */,
				937CC55B2800304400F18553 /* LoginViewController.swift in Sources */,
				93DA8F86282FB16900217360 /* ProjectContentTableViewCell.swift in Sources */,
				9338C76028FD418A005F6C3B /* ProjectContentViewController+ScrollAnimation.swift in Sources */,
				93722CF028D4551D007E1132 /* CustomButton.swift in Sources */,
				93AFDAA228B4D69F009E815F /* ProjectIDCollectionViewCell.swift in Sources */,
				93DEFA8627FAFF1600827C79 /* AppDelegate.swift in Sources */,
				933BAEE628E81110003DDFCF /* ExtensionNotification.swift in Sources */,
				9338C76228FD52D0005F6C3B /* ExtensionUIView.swift in Sources */,
				935CBC862806A1C300759A24 /* MainTabbarViewController.swift in Sources */,
				9338C76429014929005F6C3B /* ProjectContentViewController+Delegate.swift in Sources */,
				93AFDA9E28B4CFCE009E815F /* ProjectIDPopupViewController.swift in Sources */,
				933BAEDA28E5A49A003DDFCF /* ReallyCheckPopupViewController.swift in Sources */,
				9350DB1628F41A2700646C42 /* ProjectContentViewController.swift in Sources */,
				933BAEE228E6F025003DDFCF /* CreateProjectPopupViewController.swift in Sources */,
				9340DE8928D6E8C700B1CEB2 /* LogoStackView.swift in Sources */,
				9353E3C1287D809700C63681 /* DetailColorContent.swift in Sources */,
				936F8E952897B54C00897316 /* ProjectListManagementViewController.swift in Sources */,
				9338C76E2907F506005F6C3B /* DeleteListPopupViewController.swift in Sources */,
				9333CC49285C7173005C0262 /* ProjectPopupViewController.swift in Sources */,
				9338C779290AA161005F6C3B /* ProjectCollectionReusableView.swift in Sources */,
				936F8E972897B5E800897316 /* ProjectListManagementCell.swift in Sources */,
				93B6FE3B28F5ACB500181605 /* ProjectStickyHeaderView.swift in Sources */,
				935CBC882806AD7900759A24 /* ProjectCell.swift in Sources */,
				93DA8F88282FC1A200217360 /* ProjectContent.swift in Sources */,
				933BAEE828E8965A003DDFCF /* ChangeProjectPrograssViewController.swift in Sources */,
				93DEFA8827FAFF1600827C79 /* SceneDelegate.swift in Sources */,
				935145F328A1222F009B1DEF /* DateCollectionViewCell.swift in Sources */,
				933CD6D52911312900B5065B /* UserDefault.swift in Sources */,
				9380D24C27FF13D9000DC92E /* ThirdTabbarViewController.swift in Sources */,
				9340DE8B28D6FB4A00B1CEB2 /* CustomTextField.swift in Sources */,
				93F9836328F7E59B00033A46 /* AddListPopupViewController.swift in Sources */,
				935CBC8E2806AE5100759A24 /* Project.swift in Sources */,
				93F9835D28F7E22D00033A46 /* AddCardPopupViewController.swift in Sources */,
				937CC55D2800377600F18553 /* SignUpViewController.swift in Sources */,
				935145EF289D2057009B1DEF /* projectDate.swift in Sources */,
				931F9BBB28A7D468000AFA9E /* ScheduleCollectionViewCell.swift in Sources */,
				9380D24A27FF1196000DC92E /* SecondTabbarViewController.swift in Sources */,
				9340DE8528D4DEF700B1CEB2 /* LogoImageView.swift in Sources */,
				933CD6D329110B9500B5065B /* ProjectColorContentCell.swift in Sources */,
				93DEFA9027FAFF1600827C79 /* CooperationApp.xcdatamodeld in Sources */,
				9340E46B2851D29E00338790 /* DetailContentViewController.swift in Sources */,
				933CD6D12911099200B5065B /* ProjectColorContentViewController.swift in Sources */,
				9340DE8F28DC666A00B1CEB2 /* ExtensionViewControllerToastMessage.swift in Sources */,
				9315079B290FC88C000DD700 /* DetailContentColorCell.swift in Sources */,
				9338C7682902EA92005F6C3B /* ChangeListTitlePopupViewController.swift in Sources */,
				93722CED28D31880007E1132 /* ExtensionUIColor.swift in Sources */,
				930491FC2915075600DAAF85 /* ChangeProjectTitlePopupViewController.swift in Sources */,
				93B6FE3628F54E2E00181605 /* ProjectContentCollectionViewCell.swift in Sources */,
				9340DE8728D4DF0A00B1CEB2 /* LogoLabel.swift in Sources */,
				93F9836728F7E76D00033A46 /* AddCardListPopupViewController.swift in Sources */,
			);
			runOnlyForDeploymentPostprocessing = 0;
		};
/* End PBXSourcesBuildPhase section */

/* Begin PBXVariantGroup section */
		93DEFA9327FAFF1700827C79 /* LaunchScreen.storyboard */ = {
			isa = PBXVariantGroup;
			children = (
				93DEFA9427FAFF1700827C79 /* Base */,
			);
			name = LaunchScreen.storyboard;
			sourceTree = "<group>";
		};
/* End PBXVariantGroup section */

/* Begin XCBuildConfiguration section */
		93DEFA9727FAFF1700827C79 /* Debug */ = {
			isa = XCBuildConfiguration;
			buildSettings = {
				ALWAYS_SEARCH_USER_PATHS = NO;
				CLANG_ANALYZER_NONNULL = YES;
				CLANG_ANALYZER_NUMBER_OBJECT_CONVERSION = YES_AGGRESSIVE;
				CLANG_CXX_LANGUAGE_STANDARD = "gnu++17";
				CLANG_ENABLE_MODULES = YES;
				CLANG_ENABLE_OBJC_ARC = YES;
				CLANG_ENABLE_OBJC_WEAK = YES;
				CLANG_WARN_BLOCK_CAPTURE_AUTORELEASING = YES;
				CLANG_WARN_BOOL_CONVERSION = YES;
				CLANG_WARN_COMMA = YES;
				CLANG_WARN_CONSTANT_CONVERSION = YES;
				CLANG_WARN_DEPRECATED_OBJC_IMPLEMENTATIONS = YES;
				CLANG_WARN_DIRECT_OBJC_ISA_USAGE = YES_ERROR;
				CLANG_WARN_DOCUMENTATION_COMMENTS = YES;
				CLANG_WARN_EMPTY_BODY = YES;
				CLANG_WARN_ENUM_CONVERSION = YES;
				CLANG_WARN_INFINITE_RECURSION = YES;
				CLANG_WARN_INT_CONVERSION = YES;
				CLANG_WARN_NON_LITERAL_NULL_CONVERSION = YES;
				CLANG_WARN_OBJC_IMPLICIT_RETAIN_SELF = YES;
				CLANG_WARN_OBJC_LITERAL_CONVERSION = YES;
				CLANG_WARN_OBJC_ROOT_CLASS = YES_ERROR;
				CLANG_WARN_QUOTED_INCLUDE_IN_FRAMEWORK_HEADER = YES;
				CLANG_WARN_RANGE_LOOP_ANALYSIS = YES;
				CLANG_WARN_STRICT_PROTOTYPES = YES;
				CLANG_WARN_SUSPICIOUS_MOVE = YES;
				CLANG_WARN_UNGUARDED_AVAILABILITY = YES_AGGRESSIVE;
				CLANG_WARN_UNREACHABLE_CODE = YES;
				CLANG_WARN__DUPLICATE_METHOD_MATCH = YES;
				COPY_PHASE_STRIP = NO;
				DEBUG_INFORMATION_FORMAT = dwarf;
				ENABLE_STRICT_OBJC_MSGSEND = YES;
				ENABLE_TESTABILITY = YES;
				EXCLUDED_ARCHS = arm64;
				"EXCLUDED_ARCHS[sdk=*]" = arm64;
				GCC_C_LANGUAGE_STANDARD = gnu11;
				GCC_DYNAMIC_NO_PIC = NO;
				GCC_NO_COMMON_BLOCKS = YES;
				GCC_OPTIMIZATION_LEVEL = 0;
				GCC_PREPROCESSOR_DEFINITIONS = (
					"DEBUG=1",
					"$(inherited)",
				);
				GCC_WARN_64_TO_32_BIT_CONVERSION = YES;
				GCC_WARN_ABOUT_RETURN_TYPE = YES_ERROR;
				GCC_WARN_UNDECLARED_SELECTOR = YES;
				GCC_WARN_UNINITIALIZED_AUTOS = YES_AGGRESSIVE;
				GCC_WARN_UNUSED_FUNCTION = YES;
				GCC_WARN_UNUSED_VARIABLE = YES;
				IPHONEOS_DEPLOYMENT_TARGET = 15.0;
				MTL_ENABLE_DEBUG_INFO = INCLUDE_SOURCE;
				MTL_FAST_MATH = YES;
				ONLY_ACTIVE_ARCH = YES;
				SDKROOT = iphoneos;
				SWIFT_ACTIVE_COMPILATION_CONDITIONS = DEBUG;
				SWIFT_OPTIMIZATION_LEVEL = "-Onone";
			};
			name = Debug;
		};
		93DEFA9827FAFF1700827C79 /* Release */ = {
			isa = XCBuildConfiguration;
			buildSettings = {
				ALWAYS_SEARCH_USER_PATHS = NO;
				CLANG_ANALYZER_NONNULL = YES;
				CLANG_ANALYZER_NUMBER_OBJECT_CONVERSION = YES_AGGRESSIVE;
				CLANG_CXX_LANGUAGE_STANDARD = "gnu++17";
				CLANG_ENABLE_MODULES = YES;
				CLANG_ENABLE_OBJC_ARC = YES;
				CLANG_ENABLE_OBJC_WEAK = YES;
				CLANG_WARN_BLOCK_CAPTURE_AUTORELEASING = YES;
				CLANG_WARN_BOOL_CONVERSION = YES;
				CLANG_WARN_COMMA = YES;
				CLANG_WARN_CONSTANT_CONVERSION = YES;
				CLANG_WARN_DEPRECATED_OBJC_IMPLEMENTATIONS = YES;
				CLANG_WARN_DIRECT_OBJC_ISA_USAGE = YES_ERROR;
				CLANG_WARN_DOCUMENTATION_COMMENTS = YES;
				CLANG_WARN_EMPTY_BODY = YES;
				CLANG_WARN_ENUM_CONVERSION = YES;
				CLANG_WARN_INFINITE_RECURSION = YES;
				CLANG_WARN_INT_CONVERSION = YES;
				CLANG_WARN_NON_LITERAL_NULL_CONVERSION = YES;
				CLANG_WARN_OBJC_IMPLICIT_RETAIN_SELF = YES;
				CLANG_WARN_OBJC_LITERAL_CONVERSION = YES;
				CLANG_WARN_OBJC_ROOT_CLASS = YES_ERROR;
				CLANG_WARN_QUOTED_INCLUDE_IN_FRAMEWORK_HEADER = YES;
				CLANG_WARN_RANGE_LOOP_ANALYSIS = YES;
				CLANG_WARN_STRICT_PROTOTYPES = YES;
				CLANG_WARN_SUSPICIOUS_MOVE = YES;
				CLANG_WARN_UNGUARDED_AVAILABILITY = YES_AGGRESSIVE;
				CLANG_WARN_UNREACHABLE_CODE = YES;
				CLANG_WARN__DUPLICATE_METHOD_MATCH = YES;
				COPY_PHASE_STRIP = NO;
				DEBUG_INFORMATION_FORMAT = "dwarf-with-dsym";
				ENABLE_NS_ASSERTIONS = NO;
				ENABLE_STRICT_OBJC_MSGSEND = YES;
				EXCLUDED_ARCHS = arm64;
				"EXCLUDED_ARCHS[sdk=*]" = arm64;
				GCC_C_LANGUAGE_STANDARD = gnu11;
				GCC_NO_COMMON_BLOCKS = YES;
				GCC_WARN_64_TO_32_BIT_CONVERSION = YES;
				GCC_WARN_ABOUT_RETURN_TYPE = YES_ERROR;
				GCC_WARN_UNDECLARED_SELECTOR = YES;
				GCC_WARN_UNINITIALIZED_AUTOS = YES_AGGRESSIVE;
				GCC_WARN_UNUSED_FUNCTION = YES;
				GCC_WARN_UNUSED_VARIABLE = YES;
				IPHONEOS_DEPLOYMENT_TARGET = 15.0;
				MTL_ENABLE_DEBUG_INFO = NO;
				MTL_FAST_MATH = YES;
				SDKROOT = iphoneos;
				SWIFT_COMPILATION_MODE = wholemodule;
				SWIFT_OPTIMIZATION_LEVEL = "-O";
				VALIDATE_PRODUCT = YES;
			};
			name = Release;
		};
		93DEFA9A27FAFF1700827C79 /* Debug */ = {
			isa = XCBuildConfiguration;
			baseConfigurationReference = 9040AAC533458F82FCF3EC0A /* Pods-ToyProjectManagementApp.debug.xcconfig */;
			buildSettings = {
				ASSETCATALOG_COMPILER_APPICON_NAME = AppIcon;
				ASSETCATALOG_COMPILER_GLOBAL_ACCENT_COLOR_NAME = AccentColor;
				CODE_SIGN_STYLE = Automatic;
				CURRENT_PROJECT_VERSION = 1;
				DEVELOPMENT_TEAM = 4J3RK7L42Z;
				GENERATE_INFOPLIST_FILE = YES;
				INFOPLIST_FILE = ToyProjectManagementApp/Info.plist;
				INFOPLIST_KEY_UIApplicationSupportsIndirectInputEvents = YES;
				INFOPLIST_KEY_UILaunchStoryboardName = LaunchScreen;
				INFOPLIST_KEY_UIMainStoryboardFile = Main;
				INFOPLIST_KEY_UISupportedInterfaceOrientations_iPad = "UIInterfaceOrientationPortrait UIInterfaceOrientationPortraitUpsideDown UIInterfaceOrientationLandscapeLeft UIInterfaceOrientationLandscapeRight";
				INFOPLIST_KEY_UISupportedInterfaceOrientations_iPhone = "UIInterfaceOrientationPortrait UIInterfaceOrientationLandscapeLeft UIInterfaceOrientationLandscapeRight";
				IPHONEOS_DEPLOYMENT_TARGET = 15.0;
				LD_RUNPATH_SEARCH_PATHS = (
					"$(inherited)",
					"@executable_path/Frameworks",
				);
				MARKETING_VERSION = 1.0;
				ONLY_ACTIVE_ARCH = YES;
				PRODUCT_BUNDLE_IDENTIFIER = Acho.ToyProjectManagementApp;
				PRODUCT_NAME = "$(TARGET_NAME)";
				SWIFT_EMIT_LOC_STRINGS = YES;
				SWIFT_VERSION = 5.0;
				TARGETED_DEVICE_FAMILY = "1,2";
			};
			name = Debug;
		};
		93DEFA9B27FAFF1700827C79 /* Release */ = {
			isa = XCBuildConfiguration;
			baseConfigurationReference = EF4E6BEC848B616B6A4E3389 /* Pods-ToyProjectManagementApp.release.xcconfig */;
			buildSettings = {
				ASSETCATALOG_COMPILER_APPICON_NAME = AppIcon;
				ASSETCATALOG_COMPILER_GLOBAL_ACCENT_COLOR_NAME = AccentColor;
				CODE_SIGN_STYLE = Automatic;
				CURRENT_PROJECT_VERSION = 1;
				DEVELOPMENT_TEAM = 4J3RK7L42Z;
				GENERATE_INFOPLIST_FILE = YES;
				INFOPLIST_FILE = ToyProjectManagementApp/Info.plist;
				INFOPLIST_KEY_UIApplicationSupportsIndirectInputEvents = YES;
				INFOPLIST_KEY_UILaunchStoryboardName = LaunchScreen;
				INFOPLIST_KEY_UIMainStoryboardFile = Main;
				INFOPLIST_KEY_UISupportedInterfaceOrientations_iPad = "UIInterfaceOrientationPortrait UIInterfaceOrientationPortraitUpsideDown UIInterfaceOrientationLandscapeLeft UIInterfaceOrientationLandscapeRight";
				INFOPLIST_KEY_UISupportedInterfaceOrientations_iPhone = "UIInterfaceOrientationPortrait UIInterfaceOrientationLandscapeLeft UIInterfaceOrientationLandscapeRight";
				IPHONEOS_DEPLOYMENT_TARGET = 15.0;
				LD_RUNPATH_SEARCH_PATHS = (
					"$(inherited)",
					"@executable_path/Frameworks",
				);
				MARKETING_VERSION = 1.0;
				ONLY_ACTIVE_ARCH = YES;
				PRODUCT_BUNDLE_IDENTIFIER = Acho.ToyProjectManagementApp;
				PRODUCT_NAME = "$(TARGET_NAME)";
				SWIFT_EMIT_LOC_STRINGS = YES;
				SWIFT_VERSION = 5.0;
				TARGETED_DEVICE_FAMILY = "1,2";
			};
			name = Release;
		};
/* End XCBuildConfiguration section */

/* Begin XCConfigurationList section */
		93DEFA7D27FAFF1500827C79 /* Build configuration list for PBXProject "ToyProjectManagementApp" */ = {
			isa = XCConfigurationList;
			buildConfigurations = (
				93DEFA9727FAFF1700827C79 /* Debug */,
				93DEFA9827FAFF1700827C79 /* Release */,
			);
			defaultConfigurationIsVisible = 0;
			defaultConfigurationName = Release;
		};
		93DEFA9927FAFF1700827C79 /* Build configuration list for PBXNativeTarget "ToyProjectManagementApp" */ = {
			isa = XCConfigurationList;
			buildConfigurations = (
				93DEFA9A27FAFF1700827C79 /* Debug */,
				93DEFA9B27FAFF1700827C79 /* Release */,
			);
			defaultConfigurationIsVisible = 0;
			defaultConfigurationName = Release;
		};
/* End XCConfigurationList section */

/* Begin XCVersionGroup section */
		93DEFA8E27FAFF1600827C79 /* CooperationApp.xcdatamodeld */ = {
			isa = XCVersionGroup;
			children = (
				93DEFA8F27FAFF1600827C79 /* CooperationApp.xcdatamodel */,
			);
			currentVersion = 93DEFA8F27FAFF1600827C79 /* CooperationApp.xcdatamodel */;
			path = CooperationApp.xcdatamodeld;
			sourceTree = "<group>";
			versionGroupType = wrapper.xcdatamodel;
		};
/* End XCVersionGroup section */
	};
	rootObject = 93DEFA7A27FAFF1500827C79 /* Project object */;
}
