// !$*UTF8*$!
{
	archiveVersion = 1;
	classes = {
	};
	objectVersion = 55;
	objects = {

/* Begin PBXBuildFile section */
		930B2BDF28056CBD00CCB0EE /* Pods_CooperationApp.framework in Frameworks */ = {isa = PBXBuildFile; fileRef = C0FB3D49C10786D1206783F4 /* Pods_CooperationApp.framework */; };
		93285BEE2801887C00396083 /* GoogleService-Info.plist in Resources */ = {isa = PBXBuildFile; fileRef = 93285BED2801887C00396083 /* GoogleService-Info.plist */; };
		932EA506280EDA96001AC470 /* FirebaseDB.swift in Sources */ = {isa = PBXBuildFile; fileRef = 932EA505280EDA96001AC470 /* FirebaseDB.swift */; };
		9333CC47285C6B6F005C0262 /* projectCollectionViewPopup.xib in Resources */ = {isa = PBXBuildFile; fileRef = 9333CC46285C6B6E005C0262 /* projectCollectionViewPopup.xib */; };
		9333CC49285C7173005C0262 /* ProjectPopupViewController.swift in Sources */ = {isa = PBXBuildFile; fileRef = 9333CC48285C7173005C0262 /* ProjectPopupViewController.swift */; };
		9333CC4B285CA310005C0262 /* ProjectInfoView.xib in Resources */ = {isa = PBXBuildFile; fileRef = 9333CC4A285CA310005C0262 /* ProjectInfoView.xib */; };
		9340C003286C66C200F9DE35 /* ProjectDetailcontent.swift in Sources */ = {isa = PBXBuildFile; fileRef = 9340C002286C66C200F9DE35 /* ProjectDetailcontent.swift */; };
		9340E46B2851D29E00338790 /* DetailContentViewController.swift in Sources */ = {isa = PBXBuildFile; fileRef = 9340E46A2851D29D00338790 /* DetailContentViewController.swift */; };
		9340E47B2852050700338790 /* NanumGothicExtraBold.otf in Resources */ = {isa = PBXBuildFile; fileRef = 9340E4772852050700338790 /* NanumGothicExtraBold.otf */; };
		9340E47C2852050700338790 /* NanumGothic.otf in Resources */ = {isa = PBXBuildFile; fileRef = 9340E4782852050700338790 /* NanumGothic.otf */; };
		9340E47D2852050700338790 /* NanumGothicBold.otf in Resources */ = {isa = PBXBuildFile; fileRef = 9340E4792852050700338790 /* NanumGothicBold.otf */; };
		9340E47E2852050700338790 /* NanumGothicLight.otf in Resources */ = {isa = PBXBuildFile; fileRef = 9340E47A2852050700338790 /* NanumGothicLight.otf */; };
		93568B6A2805F14900A1B4B8 /* SignInViewController.swift in Sources */ = {isa = PBXBuildFile; fileRef = 93568B692805F14900A1B4B8 /* SignInViewController.swift */; };
		935CBC862806A1C300759A24 /* MainTabbarViewController.swift in Sources */ = {isa = PBXBuildFile; fileRef = 935CBC852806A1C300759A24 /* MainTabbarViewController.swift */; };
		935CBC882806AD7900759A24 /* ProjectCell.swift in Sources */ = {isa = PBXBuildFile; fileRef = 935CBC872806AD7900759A24 /* ProjectCell.swift */; };
		935CBC8E2806AE5100759A24 /* Project.swift in Sources */ = {isa = PBXBuildFile; fileRef = 935CBC8D2806AE5100759A24 /* Project.swift */; };
		937CC55928002F1400F18553 /* Main.storyboard in Resources */ = {isa = PBXBuildFile; fileRef = 937CC55828002F1400F18553 /* Main.storyboard */; };
		937CC55B2800304400F18553 /* LoginViewController.swift in Sources */ = {isa = PBXBuildFile; fileRef = 937CC55A2800304400F18553 /* LoginViewController.swift */; };
		937CC55D2800377600F18553 /* SignUpViewController.swift in Sources */ = {isa = PBXBuildFile; fileRef = 937CC55C2800377600F18553 /* SignUpViewController.swift */; };
		9380D24A27FF1196000DC92E /* SecondTabbarViewController.swift in Sources */ = {isa = PBXBuildFile; fileRef = 9380D24927FF1195000DC92E /* SecondTabbarViewController.swift */; };
		9380D24C27FF13D9000DC92E /* ThirdTabbarViewController.swift in Sources */ = {isa = PBXBuildFile; fileRef = 9380D24B27FF13D9000DC92E /* ThirdTabbarViewController.swift */; };
		93DA8F83282FB0CD00217360 /* ProjectContentCell.xib in Resources */ = {isa = PBXBuildFile; fileRef = 93DA8F82282FB0CD00217360 /* ProjectContentCell.xib */; };
		93DA8F86282FB16900217360 /* ProjectContentTableViewCell.swift in Sources */ = {isa = PBXBuildFile; fileRef = 93DA8F85282FB16900217360 /* ProjectContentTableViewCell.swift */; };
		93DA8F88282FC1A200217360 /* ProjectContent.swift in Sources */ = {isa = PBXBuildFile; fileRef = 93DA8F87282FC1A200217360 /* ProjectContent.swift */; };
		93DEFA8627FAFF1600827C79 /* AppDelegate.swift in Sources */ = {isa = PBXBuildFile; fileRef = 93DEFA8527FAFF1600827C79 /* AppDelegate.swift */; };
		93DEFA8827FAFF1600827C79 /* SceneDelegate.swift in Sources */ = {isa = PBXBuildFile; fileRef = 93DEFA8727FAFF1600827C79 /* SceneDelegate.swift */; };
		93DEFA9027FAFF1600827C79 /* CooperationApp.xcdatamodeld in Sources */ = {isa = PBXBuildFile; fileRef = 93DEFA8E27FAFF1600827C79 /* CooperationApp.xcdatamodeld */; };
		93DEFA9227FAFF1700827C79 /* Assets.xcassets in Resources */ = {isa = PBXBuildFile; fileRef = 93DEFA9127FAFF1700827C79 /* Assets.xcassets */; };
		93DEFA9527FAFF1700827C79 /* LaunchScreen.storyboard in Resources */ = {isa = PBXBuildFile; fileRef = 93DEFA9327FAFF1700827C79 /* LaunchScreen.storyboard */; };
		93F8E4C1282BBE8800F888F0 /* ProjectViewController.swift in Sources */ = {isa = PBXBuildFile; fileRef = 93F8E4C0282BBE8800F888F0 /* ProjectViewController.swift */; };
/* End PBXBuildFile section */

/* Begin PBXFileReference section */
		93285BED2801887C00396083 /* GoogleService-Info.plist */ = {isa = PBXFileReference; fileEncoding = 4; lastKnownFileType = text.plist.xml; path = "GoogleService-Info.plist"; sourceTree = "<group>"; };
		932EA505280EDA96001AC470 /* FirebaseDB.swift */ = {isa = PBXFileReference; lastKnownFileType = sourcecode.swift; path = FirebaseDB.swift; sourceTree = "<group>"; };
		9333CC46285C6B6E005C0262 /* projectCollectionViewPopup.xib */ = {isa = PBXFileReference; lastKnownFileType = file.xib; path = projectCollectionViewPopup.xib; sourceTree = "<group>"; };
		9333CC48285C7173005C0262 /* ProjectPopupViewController.swift */ = {isa = PBXFileReference; lastKnownFileType = sourcecode.swift; path = ProjectPopupViewController.swift; sourceTree = "<group>"; };
		9333CC4A285CA310005C0262 /* ProjectInfoView.xib */ = {isa = PBXFileReference; lastKnownFileType = file.xib; path = ProjectInfoView.xib; sourceTree = "<group>"; };
		9340C002286C66C200F9DE35 /* ProjectDetailcontent.swift */ = {isa = PBXFileReference; lastKnownFileType = sourcecode.swift; path = ProjectDetailcontent.swift; sourceTree = "<group>"; };
		9340E46A2851D29D00338790 /* DetailContentViewController.swift */ = {isa = PBXFileReference; lastKnownFileType = sourcecode.swift; path = DetailContentViewController.swift; sourceTree = "<group>"; };
		9340E4772852050700338790 /* NanumGothicExtraBold.otf */ = {isa = PBXFileReference; lastKnownFileType = file; path = NanumGothicExtraBold.otf; sourceTree = "<group>"; };
		9340E4782852050700338790 /* NanumGothic.otf */ = {isa = PBXFileReference; lastKnownFileType = file; path = NanumGothic.otf; sourceTree = "<group>"; };
		9340E4792852050700338790 /* NanumGothicBold.otf */ = {isa = PBXFileReference; lastKnownFileType = file; path = NanumGothicBold.otf; sourceTree = "<group>"; };
		9340E47A2852050700338790 /* NanumGothicLight.otf */ = {isa = PBXFileReference; lastKnownFileType = file; path = NanumGothicLight.otf; sourceTree = "<group>"; };
		93568B692805F14900A1B4B8 /* SignInViewController.swift */ = {isa = PBXFileReference; lastKnownFileType = sourcecode.swift; path = SignInViewController.swift; sourceTree = "<group>"; };
		935CBC852806A1C300759A24 /* MainTabbarViewController.swift */ = {isa = PBXFileReference; lastKnownFileType = sourcecode.swift; path = MainTabbarViewController.swift; sourceTree = "<group>"; };
		935CBC872806AD7900759A24 /* ProjectCell.swift */ = {isa = PBXFileReference; lastKnownFileType = sourcecode.swift; path = ProjectCell.swift; sourceTree = "<group>"; };
		935CBC8D2806AE5100759A24 /* Project.swift */ = {isa = PBXFileReference; lastKnownFileType = sourcecode.swift; path = Project.swift; sourceTree = "<group>"; };
		937CC55828002F1400F18553 /* Main.storyboard */ = {isa = PBXFileReference; lastKnownFileType = file.storyboard; path = Main.storyboard; sourceTree = "<group>"; };
		937CC55A2800304400F18553 /* LoginViewController.swift */ = {isa = PBXFileReference; lastKnownFileType = sourcecode.swift; path = LoginViewController.swift; sourceTree = "<group>"; };
		937CC55C2800377600F18553 /* SignUpViewController.swift */ = {isa = PBXFileReference; lastKnownFileType = sourcecode.swift; path = SignUpViewController.swift; sourceTree = "<group>"; };
		9380D24927FF1195000DC92E /* SecondTabbarViewController.swift */ = {isa = PBXFileReference; lastKnownFileType = sourcecode.swift; path = SecondTabbarViewController.swift; sourceTree = "<group>"; };
		9380D24B27FF13D9000DC92E /* ThirdTabbarViewController.swift */ = {isa = PBXFileReference; lastKnownFileType = sourcecode.swift; path = ThirdTabbarViewController.swift; sourceTree = "<group>"; };
		93DA8F82282FB0CD00217360 /* ProjectContentCell.xib */ = {isa = PBXFileReference; lastKnownFileType = file.xib; path = ProjectContentCell.xib; sourceTree = "<group>"; };
		93DA8F85282FB16900217360 /* ProjectContentTableViewCell.swift */ = {isa = PBXFileReference; lastKnownFileType = sourcecode.swift; path = ProjectContentTableViewCell.swift; sourceTree = "<group>"; };
		93DA8F87282FC1A200217360 /* ProjectContent.swift */ = {isa = PBXFileReference; lastKnownFileType = sourcecode.swift; path = ProjectContent.swift; sourceTree = "<group>"; };
		93DEFA8227FAFF1600827C79 /* CooperationApp.app */ = {isa = PBXFileReference; explicitFileType = wrapper.application; includeInIndex = 0; path = CooperationApp.app; sourceTree = BUILT_PRODUCTS_DIR; };
		93DEFA8527FAFF1600827C79 /* AppDelegate.swift */ = {isa = PBXFileReference; lastKnownFileType = sourcecode.swift; path = AppDelegate.swift; sourceTree = "<group>"; };
		93DEFA8727FAFF1600827C79 /* SceneDelegate.swift */ = {isa = PBXFileReference; lastKnownFileType = sourcecode.swift; path = SceneDelegate.swift; sourceTree = "<group>"; };
		93DEFA8F27FAFF1600827C79 /* CooperationApp.xcdatamodel */ = {isa = PBXFileReference; lastKnownFileType = wrapper.xcdatamodel; path = CooperationApp.xcdatamodel; sourceTree = "<group>"; };
		93DEFA9127FAFF1700827C79 /* Assets.xcassets */ = {isa = PBXFileReference; lastKnownFileType = folder.assetcatalog; path = Assets.xcassets; sourceTree = "<group>"; };
		93DEFA9427FAFF1700827C79 /* Base */ = {isa = PBXFileReference; lastKnownFileType = file.storyboard; name = Base; path = Base.lproj/LaunchScreen.storyboard; sourceTree = "<group>"; };
		93DEFA9627FAFF1700827C79 /* Info.plist */ = {isa = PBXFileReference; lastKnownFileType = text.plist.xml; path = Info.plist; sourceTree = "<group>"; };
		93F8E4C0282BBE8800F888F0 /* ProjectViewController.swift */ = {isa = PBXFileReference; lastKnownFileType = sourcecode.swift; path = ProjectViewController.swift; sourceTree = "<group>"; };
		A5311CEE6F1050F23A02B091 /* Pods-CooperationApp.debug.xcconfig */ = {isa = PBXFileReference; includeInIndex = 1; lastKnownFileType = text.xcconfig; name = "Pods-CooperationApp.debug.xcconfig"; path = "Target Support Files/Pods-CooperationApp/Pods-CooperationApp.debug.xcconfig"; sourceTree = "<group>"; };
		B4A1AF8A17CFCEBC490BF037 /* Pods-CooperationApp.release.xcconfig */ = {isa = PBXFileReference; includeInIndex = 1; lastKnownFileType = text.xcconfig; name = "Pods-CooperationApp.release.xcconfig"; path = "Target Support Files/Pods-CooperationApp/Pods-CooperationApp.release.xcconfig"; sourceTree = "<group>"; };
		C0FB3D49C10786D1206783F4 /* Pods_CooperationApp.framework */ = {isa = PBXFileReference; explicitFileType = wrapper.framework; includeInIndex = 0; path = Pods_CooperationApp.framework; sourceTree = BUILT_PRODUCTS_DIR; };
/* End PBXFileReference section */

/* Begin PBXFrameworksBuildPhase section */
		93DEFA7F27FAFF1600827C79 /* Frameworks */ = {
			isa = PBXFrameworksBuildPhase;
			buildActionMask = 2147483647;
			files = (
				930B2BDF28056CBD00CCB0EE /* Pods_CooperationApp.framework in Frameworks */,
			);
			runOnlyForDeploymentPostprocessing = 0;
		};
/* End PBXFrameworksBuildPhase section */

/* Begin PBXGroup section */
		68BFDA4782678AAFA159C129 /* Pods */ = {
			isa = PBXGroup;
			children = (
				A5311CEE6F1050F23A02B091 /* Pods-CooperationApp.debug.xcconfig */,
				B4A1AF8A17CFCEBC490BF037 /* Pods-CooperationApp.release.xcconfig */,
			);
			path = Pods;
			sourceTree = "<group>";
		};
		9301D3052803504A0010191F /* Views */ = {
			isa = PBXGroup;
			children = (
				937CC55828002F1400F18553 /* Main.storyboard */,
				93DEFA9327FAFF1700827C79 /* LaunchScreen.storyboard */,
				9349948D2850905800AAD69B /* Popup */,
				93DA8F84282FB0FB00217360 /* Cell */,
				9333CC4A285CA310005C0262 /* ProjectInfoView.xib */,
			);
			path = Views;
			sourceTree = "<group>";
		};
		9301D306280350C60010191F /* ViewControllers */ = {
			isa = PBXGroup;
			children = (
				935CBC8F2806B05F00759A24 /* User */,
				935CBC892806AD8D00759A24 /* Main */,
				935CBC8A2806AD9D00759A24 /* Second */,
				935CBC8B2806ADA900759A24 /* Third */,
			);
			path = ViewControllers;
			sourceTree = "<group>";
		};
		9301D307280351200010191F /* AppDelegates */ = {
			isa = PBXGroup;
			children = (
				93DEFA8527FAFF1600827C79 /* AppDelegate.swift */,
				93DEFA8727FAFF1600827C79 /* SceneDelegate.swift */,
			);
			path = AppDelegates;
			sourceTree = "<group>";
		};
		9301D3082803513E0010191F /* Assets */ = {
			isa = PBXGroup;
			children = (
				93DEFA9127FAFF1700827C79 /* Assets.xcassets */,
			);
			path = Assets;
			sourceTree = "<group>";
		};
		932EA504280EDA71001AC470 /* FirebaseDatabase */ = {
			isa = PBXGroup;
			children = (
				932EA505280EDA96001AC470 /* FirebaseDB.swift */,
			);
			path = FirebaseDatabase;
			sourceTree = "<group>";
		};
		9340E476285204E100338790 /* Fonts */ = {
			isa = PBXGroup;
			children = (
				9340E4782852050700338790 /* NanumGothic.otf */,
				9340E4792852050700338790 /* NanumGothicBold.otf */,
				9340E4772852050700338790 /* NanumGothicExtraBold.otf */,
				9340E47A2852050700338790 /* NanumGothicLight.otf */,
			);
			path = Fonts;
			sourceTree = "<group>";
		};
		9349948D2850905800AAD69B /* Popup */ = {
			isa = PBXGroup;
			children = (
				9333CC46285C6B6E005C0262 /* projectCollectionViewPopup.xib */,
			);
			path = Popup;
			sourceTree = "<group>";
		};
		935CBC892806AD8D00759A24 /* Main */ = {
			isa = PBXGroup;
			children = (
				935CBC852806A1C300759A24 /* MainTabbarViewController.swift */,
				9333CC48285C7173005C0262 /* ProjectPopupViewController.swift */,
				935CBC872806AD7900759A24 /* ProjectCell.swift */,
				93F8E4BF282BB8F400F888F0 /* ProjectContent */,
			);
			path = Main;
			sourceTree = "<group>";
		};
		935CBC8A2806AD9D00759A24 /* Second */ = {
			isa = PBXGroup;
			children = (
				9380D24927FF1195000DC92E /* SecondTabbarViewController.swift */,
			);
			path = Second;
			sourceTree = "<group>";
		};
		935CBC8B2806ADA900759A24 /* Third */ = {
			isa = PBXGroup;
			children = (
				9380D24B27FF13D9000DC92E /* ThirdTabbarViewController.swift */,
			);
			path = Third;
			sourceTree = "<group>";
		};
		935CBC8C2806AE3B00759A24 /* Model */ = {
			isa = PBXGroup;
			children = (
				935CBC8D2806AE5100759A24 /* Project.swift */,
				93DA8F87282FC1A200217360 /* ProjectContent.swift */,
				9340C002286C66C200F9DE35 /* ProjectDetailcontent.swift */,
			);
			path = Model;
			sourceTree = "<group>";
		};
		935CBC8F2806B05F00759A24 /* User */ = {
			isa = PBXGroup;
			children = (
				937CC55A2800304400F18553 /* LoginViewController.swift */,
				937CC55C2800377600F18553 /* SignUpViewController.swift */,
				93568B692805F14900A1B4B8 /* SignInViewController.swift */,
			);
			path = User;
			sourceTree = "<group>";
		};
		93DA8F84282FB0FB00217360 /* Cell */ = {
			isa = PBXGroup;
			children = (
				93DA8F82282FB0CD00217360 /* ProjectContentCell.xib */,
			);
			path = Cell;
			sourceTree = "<group>";
		};
		93DEFA7927FAFF1500827C79 = {
			isa = PBXGroup;
			children = (
				93DEFA8427FAFF1600827C79 /* CooperationApp */,
				93DEFA8327FAFF1600827C79 /* Products */,
				68BFDA4782678AAFA159C129 /* Pods */,
				B5A5F429AAC48C2B322E7B29 /* Frameworks */,
			);
			sourceTree = "<group>";
		};
		93DEFA8327FAFF1600827C79 /* Products */ = {
			isa = PBXGroup;
			children = (
				93DEFA8227FAFF1600827C79 /* CooperationApp.app */,
			);
			name = Products;
			sourceTree = "<group>";
		};
		93DEFA8427FAFF1600827C79 /* CooperationApp */ = {
			isa = PBXGroup;
			children = (
				9340E476285204E100338790 /* Fonts */,
				932EA504280EDA71001AC470 /* FirebaseDatabase */,
				935CBC8C2806AE3B00759A24 /* Model */,
				9301D3082803513E0010191F /* Assets */,
				9301D307280351200010191F /* AppDelegates */,
				9301D306280350C60010191F /* ViewControllers */,
				9301D3052803504A0010191F /* Views */,
				93285BED2801887C00396083 /* GoogleService-Info.plist */,
				93DEFA9627FAFF1700827C79 /* Info.plist */,
				93DEFA8E27FAFF1600827C79 /* CooperationApp.xcdatamodeld */,
			);
			path = CooperationApp;
			sourceTree = "<group>";
		};
		93F8E4BF282BB8F400F888F0 /* ProjectContent */ = {
			isa = PBXGroup;
			children = (
				93F8E4C0282BBE8800F888F0 /* ProjectViewController.swift */,
				93DA8F85282FB16900217360 /* ProjectContentTableViewCell.swift */,
				9340E46A2851D29D00338790 /* DetailContentViewController.swift */,
			);
			path = ProjectContent;
			sourceTree = "<group>";
		};
		B5A5F429AAC48C2B322E7B29 /* Frameworks */ = {
			isa = PBXGroup;
			children = (
				C0FB3D49C10786D1206783F4 /* Pods_CooperationApp.framework */,
			);
			name = Frameworks;
			sourceTree = "<group>";
		};
/* End PBXGroup section */

/* Begin PBXNativeTarget section */
		93DEFA8127FAFF1600827C79 /* CooperationApp */ = {
			isa = PBXNativeTarget;
			buildConfigurationList = 93DEFA9927FAFF1700827C79 /* Build configuration list for PBXNativeTarget "CooperationApp" */;
			buildPhases = (
				5368219C207F4A025DF30B8B /* [CP] Check Pods Manifest.lock */,
				93DEFA7E27FAFF1600827C79 /* Sources */,
				93DEFA7F27FAFF1600827C79 /* Frameworks */,
				93DEFA8027FAFF1600827C79 /* Resources */,
				F82BE88C426999667606CDAC /* [CP] Embed Pods Frameworks */,
				526B9AAD38A9530D6588F127 /* [CP] Copy Pods Resources */,
			);
			buildRules = (
			);
			dependencies = (
			);
			name = CooperationApp;
			productName = CooperationApp;
			productReference = 93DEFA8227FAFF1600827C79 /* CooperationApp.app */;
			productType = "com.apple.product-type.application";
		};
/* End PBXNativeTarget section */

/* Begin PBXProject section */
		93DEFA7A27FAFF1500827C79 /* Project object */ = {
			isa = PBXProject;
			attributes = {
				BuildIndependentTargetsInParallel = 1;
				LastSwiftUpdateCheck = 1330;
				LastUpgradeCheck = 1330;
				TargetAttributes = {
					93DEFA8127FAFF1600827C79 = {
						CreatedOnToolsVersion = 13.3;
					};
				};
			};
			buildConfigurationList = 93DEFA7D27FAFF1500827C79 /* Build configuration list for PBXProject "CooperationApp" */;
			compatibilityVersion = "Xcode 13.0";
			developmentRegion = en;
			hasScannedForEncodings = 0;
			knownRegions = (
				en,
				Base,
			);
			mainGroup = 93DEFA7927FAFF1500827C79;
			productRefGroup = 93DEFA8327FAFF1600827C79 /* Products */;
			projectDirPath = "";
			projectRoot = "";
			targets = (
				93DEFA8127FAFF1600827C79 /* CooperationApp */,
			);
		};
/* End PBXProject section */

/* Begin PBXResourcesBuildPhase section */
		93DEFA8027FAFF1600827C79 /* Resources */ = {
			isa = PBXResourcesBuildPhase;
			buildActionMask = 2147483647;
			files = (
				9340E47D2852050700338790 /* NanumGothicBold.otf in Resources */,
				93DA8F83282FB0CD00217360 /* ProjectContentCell.xib in Resources */,
				9340E47C2852050700338790 /* NanumGothic.otf in Resources */,
				9333CC4B285CA310005C0262 /* ProjectInfoView.xib in Resources */,
				937CC55928002F1400F18553 /* Main.storyboard in Resources */,
				93285BEE2801887C00396083 /* GoogleService-Info.plist in Resources */,
				93DEFA9527FAFF1700827C79 /* LaunchScreen.storyboard in Resources */,
				93DEFA9227FAFF1700827C79 /* Assets.xcassets in Resources */,
				9333CC47285C6B6F005C0262 /* projectCollectionViewPopup.xib in Resources */,
				9340E47B2852050700338790 /* NanumGothicExtraBold.otf in Resources */,
				9340E47E2852050700338790 /* NanumGothicLight.otf in Resources */,
			);
			runOnlyForDeploymentPostprocessing = 0;
		};
/* End PBXResourcesBuildPhase section */

/* Begin PBXShellScriptBuildPhase section */
		526B9AAD38A9530D6588F127 /* [CP] Copy Pods Resources */ = {
			isa = PBXShellScriptBuildPhase;
			buildActionMask = 2147483647;
			files = (
			);
			inputFileListPaths = (
				"${PODS_ROOT}/Target Support Files/Pods-CooperationApp/Pods-CooperationApp-resources-${CONFIGURATION}-input-files.xcfilelist",
			);
			name = "[CP] Copy Pods Resources";
			outputFileListPaths = (
				"${PODS_ROOT}/Target Support Files/Pods-CooperationApp/Pods-CooperationApp-resources-${CONFIGURATION}-output-files.xcfilelist",
			);
			runOnlyForDeploymentPostprocessing = 0;
			shellPath = /bin/sh;
			shellScript = "\"${PODS_ROOT}/Target Support Files/Pods-CooperationApp/Pods-CooperationApp-resources.sh\"\n";
			showEnvVarsInLog = 0;
		};
		5368219C207F4A025DF30B8B /* [CP] Check Pods Manifest.lock */ = {
			isa = PBXShellScriptBuildPhase;
			buildActionMask = 2147483647;
			files = (
			);
			inputFileListPaths = (
			);
			inputPaths = (
				"${PODS_PODFILE_DIR_PATH}/Podfile.lock",
				"${PODS_ROOT}/Manifest.lock",
			);
			name = "[CP] Check Pods Manifest.lock";
			outputFileListPaths = (
			);
			outputPaths = (
				"$(DERIVED_FILE_DIR)/Pods-CooperationApp-checkManifestLockResult.txt",
			);
			runOnlyForDeploymentPostprocessing = 0;
			shellPath = /bin/sh;
			shellScript = "diff \"${PODS_PODFILE_DIR_PATH}/Podfile.lock\" \"${PODS_ROOT}/Manifest.lock\" > /dev/null\nif [ $? != 0 ] ; then\n    # print error to STDERR\n    echo \"error: The sandbox is not in sync with the Podfile.lock. Run 'pod install' or update your CocoaPods installation.\" >&2\n    exit 1\nfi\n# This output is used by Xcode 'outputs' to avoid re-running this script phase.\necho \"SUCCESS\" > \"${SCRIPT_OUTPUT_FILE_0}\"\n";
			showEnvVarsInLog = 0;
		};
		F82BE88C426999667606CDAC /* [CP] Embed Pods Frameworks */ = {
			isa = PBXShellScriptBuildPhase;
			buildActionMask = 2147483647;
			files = (
			);
			inputFileListPaths = (
				"${PODS_ROOT}/Target Support Files/Pods-CooperationApp/Pods-CooperationApp-frameworks-${CONFIGURATION}-input-files.xcfilelist",
			);
			name = "[CP] Embed Pods Frameworks";
			outputFileListPaths = (
				"${PODS_ROOT}/Target Support Files/Pods-CooperationApp/Pods-CooperationApp-frameworks-${CONFIGURATION}-output-files.xcfilelist",
			);
			runOnlyForDeploymentPostprocessing = 0;
			shellPath = /bin/sh;
			shellScript = "\"${PODS_ROOT}/Target Support Files/Pods-CooperationApp/Pods-CooperationApp-frameworks.sh\"\n";
			showEnvVarsInLog = 0;
		};
/* End PBXShellScriptBuildPhase section */

/* Begin PBXSourcesBuildPhase section */
		93DEFA7E27FAFF1600827C79 /* Sources */ = {
			isa = PBXSourcesBuildPhase;
			buildActionMask = 2147483647;
			files = (
				937CC55B2800304400F18553 /* LoginViewController.swift in Sources */,
				93DA8F86282FB16900217360 /* ProjectContentTableViewCell.swift in Sources */,
				93DEFA8627FAFF1600827C79 /* AppDelegate.swift in Sources */,
				935CBC862806A1C300759A24 /* MainTabbarViewController.swift in Sources */,
				93F8E4C1282BBE8800F888F0 /* ProjectViewController.swift in Sources */,
				9333CC49285C7173005C0262 /* ProjectPopupViewController.swift in Sources */,
				935CBC882806AD7900759A24 /* ProjectCell.swift in Sources */,
				93DA8F88282FC1A200217360 /* ProjectContent.swift in Sources */,
				93DEFA8827FAFF1600827C79 /* SceneDelegate.swift in Sources */,
				9380D24C27FF13D9000DC92E /* ThirdTabbarViewController.swift in Sources */,
				932EA506280EDA96001AC470 /* FirebaseDB.swift in Sources */,
				93568B6A2805F14900A1B4B8 /* SignInViewController.swift in Sources */,
				935CBC8E2806AE5100759A24 /* Project.swift in Sources */,
				937CC55D2800377600F18553 /* SignUpViewController.swift in Sources */,
				9380D24A27FF1196000DC92E /* SecondTabbarViewController.swift in Sources */,
				93DEFA9027FAFF1600827C79 /* CooperationApp.xcdatamodeld in Sources */,
				9340C003286C66C200F9DE35 /* ProjectDetailcontent.swift in Sources */,
				9340E46B2851D29E00338790 /* DetailContentViewController.swift in Sources */,
			);
			runOnlyForDeploymentPostprocessing = 0;
		};
/* End PBXSourcesBuildPhase section */

/* Begin PBXVariantGroup section */
		93DEFA9327FAFF1700827C79 /* LaunchScreen.storyboard */ = {
			isa = PBXVariantGroup;
			children = (
				93DEFA9427FAFF1700827C79 /* Base */,
			);
			name = LaunchScreen.storyboard;
			sourceTree = "<group>";
		};
/* End PBXVariantGroup section */

/* Begin XCBuildConfiguration section */
		93DEFA9727FAFF1700827C79 /* Debug */ = {
			isa = XCBuildConfiguration;
			buildSettings = {
				ALWAYS_SEARCH_USER_PATHS = NO;
				CLANG_ANALYZER_NONNULL = YES;
				CLANG_ANALYZER_NUMBER_OBJECT_CONVERSION = YES_AGGRESSIVE;
				CLANG_CXX_LANGUAGE_STANDARD = "gnu++17";
				CLANG_ENABLE_MODULES = YES;
				CLANG_ENABLE_OBJC_ARC = YES;
				CLANG_ENABLE_OBJC_WEAK = YES;
				CLANG_WARN_BLOCK_CAPTURE_AUTORELEASING = YES;
				CLANG_WARN_BOOL_CONVERSION = YES;
				CLANG_WARN_COMMA = YES;
				CLANG_WARN_CONSTANT_CONVERSION = YES;
				CLANG_WARN_DEPRECATED_OBJC_IMPLEMENTATIONS = YES;
				CLANG_WARN_DIRECT_OBJC_ISA_USAGE = YES_ERROR;
				CLANG_WARN_DOCUMENTATION_COMMENTS = YES;
				CLANG_WARN_EMPTY_BODY = YES;
				CLANG_WARN_ENUM_CONVERSION = YES;
				CLANG_WARN_INFINITE_RECURSION = YES;
				CLANG_WARN_INT_CONVERSION = YES;
				CLANG_WARN_NON_LITERAL_NULL_CONVERSION = YES;
				CLANG_WARN_OBJC_IMPLICIT_RETAIN_SELF = YES;
				CLANG_WARN_OBJC_LITERAL_CONVERSION = YES;
				CLANG_WARN_OBJC_ROOT_CLASS = YES_ERROR;
				CLANG_WARN_QUOTED_INCLUDE_IN_FRAMEWORK_HEADER = YES;
				CLANG_WARN_RANGE_LOOP_ANALYSIS = YES;
				CLANG_WARN_STRICT_PROTOTYPES = YES;
				CLANG_WARN_SUSPICIOUS_MOVE = YES;
				CLANG_WARN_UNGUARDED_AVAILABILITY = YES_AGGRESSIVE;
				CLANG_WARN_UNREACHABLE_CODE = YES;
				CLANG_WARN__DUPLICATE_METHOD_MATCH = YES;
				COPY_PHASE_STRIP = NO;
				DEBUG_INFORMATION_FORMAT = dwarf;
				ENABLE_STRICT_OBJC_MSGSEND = YES;
				ENABLE_TESTABILITY = YES;
				EXCLUDED_ARCHS = arm64;
				"EXCLUDED_ARCHS[sdk=*]" = arm64;
				GCC_C_LANGUAGE_STANDARD = gnu11;
				GCC_DYNAMIC_NO_PIC = NO;
				GCC_NO_COMMON_BLOCKS = YES;
				GCC_OPTIMIZATION_LEVEL = 0;
				GCC_PREPROCESSOR_DEFINITIONS = (
					"DEBUG=1",
					"$(inherited)",
				);
				GCC_WARN_64_TO_32_BIT_CONVERSION = YES;
				GCC_WARN_ABOUT_RETURN_TYPE = YES_ERROR;
				GCC_WARN_UNDECLARED_SELECTOR = YES;
				GCC_WARN_UNINITIALIZED_AUTOS = YES_AGGRESSIVE;
				GCC_WARN_UNUSED_FUNCTION = YES;
				GCC_WARN_UNUSED_VARIABLE = YES;
				IPHONEOS_DEPLOYMENT_TARGET = 15.4;
				MTL_ENABLE_DEBUG_INFO = INCLUDE_SOURCE;
				MTL_FAST_MATH = YES;
				ONLY_ACTIVE_ARCH = YES;
				SDKROOT = iphoneos;
				SWIFT_ACTIVE_COMPILATION_CONDITIONS = DEBUG;
				SWIFT_OPTIMIZATION_LEVEL = "-Onone";
			};
			name = Debug;
		};
		93DEFA9827FAFF1700827C79 /* Release */ = {
			isa = XCBuildConfiguration;
			buildSettings = {
				ALWAYS_SEARCH_USER_PATHS = NO;
				CLANG_ANALYZER_NONNULL = YES;
				CLANG_ANALYZER_NUMBER_OBJECT_CONVERSION = YES_AGGRESSIVE;
				CLANG_CXX_LANGUAGE_STANDARD = "gnu++17";
				CLANG_ENABLE_MODULES = YES;
				CLANG_ENABLE_OBJC_ARC = YES;
				CLANG_ENABLE_OBJC_WEAK = YES;
				CLANG_WARN_BLOCK_CAPTURE_AUTORELEASING = YES;
				CLANG_WARN_BOOL_CONVERSION = YES;
				CLANG_WARN_COMMA = YES;
				CLANG_WARN_CONSTANT_CONVERSION = YES;
				CLANG_WARN_DEPRECATED_OBJC_IMPLEMENTATIONS = YES;
				CLANG_WARN_DIRECT_OBJC_ISA_USAGE = YES_ERROR;
				CLANG_WARN_DOCUMENTATION_COMMENTS = YES;
				CLANG_WARN_EMPTY_BODY = YES;
				CLANG_WARN_ENUM_CONVERSION = YES;
				CLANG_WARN_INFINITE_RECURSION = YES;
				CLANG_WARN_INT_CONVERSION = YES;
				CLANG_WARN_NON_LITERAL_NULL_CONVERSION = YES;
				CLANG_WARN_OBJC_IMPLICIT_RETAIN_SELF = YES;
				CLANG_WARN_OBJC_LITERAL_CONVERSION = YES;
				CLANG_WARN_OBJC_ROOT_CLASS = YES_ERROR;
				CLANG_WARN_QUOTED_INCLUDE_IN_FRAMEWORK_HEADER = YES;
				CLANG_WARN_RANGE_LOOP_ANALYSIS = YES;
				CLANG_WARN_STRICT_PROTOTYPES = YES;
				CLANG_WARN_SUSPICIOUS_MOVE = YES;
				CLANG_WARN_UNGUARDED_AVAILABILITY = YES_AGGRESSIVE;
				CLANG_WARN_UNREACHABLE_CODE = YES;
				CLANG_WARN__DUPLICATE_METHOD_MATCH = YES;
				COPY_PHASE_STRIP = NO;
				DEBUG_INFORMATION_FORMAT = "dwarf-with-dsym";
				ENABLE_NS_ASSERTIONS = NO;
				ENABLE_STRICT_OBJC_MSGSEND = YES;
				EXCLUDED_ARCHS = arm64;
				"EXCLUDED_ARCHS[sdk=*]" = arm64;
				GCC_C_LANGUAGE_STANDARD = gnu11;
				GCC_NO_COMMON_BLOCKS = YES;
				GCC_WARN_64_TO_32_BIT_CONVERSION = YES;
				GCC_WARN_ABOUT_RETURN_TYPE = YES_ERROR;
				GCC_WARN_UNDECLARED_SELECTOR = YES;
				GCC_WARN_UNINITIALIZED_AUTOS = YES_AGGRESSIVE;
				GCC_WARN_UNUSED_FUNCTION = YES;
				GCC_WARN_UNUSED_VARIABLE = YES;
				IPHONEOS_DEPLOYMENT_TARGET = 15.4;
				MTL_ENABLE_DEBUG_INFO = NO;
				MTL_FAST_MATH = YES;
				SDKROOT = iphoneos;
				SWIFT_COMPILATION_MODE = wholemodule;
				SWIFT_OPTIMIZATION_LEVEL = "-O";
				VALIDATE_PRODUCT = YES;
			};
			name = Release;
		};
		93DEFA9A27FAFF1700827C79 /* Debug */ = {
			isa = XCBuildConfiguration;
			baseConfigurationReference = A5311CEE6F1050F23A02B091 /* Pods-CooperationApp.debug.xcconfig */;
			buildSettings = {
				ASSETCATALOG_COMPILER_APPICON_NAME = AppIcon;
				ASSETCATALOG_COMPILER_GLOBAL_ACCENT_COLOR_NAME = AccentColor;
				CODE_SIGN_STYLE = Automatic;
				CURRENT_PROJECT_VERSION = 1;
				DEVELOPMENT_TEAM = 4J3RK7L42Z;
				GENERATE_INFOPLIST_FILE = YES;
				INFOPLIST_FILE = CooperationApp/Info.plist;
				INFOPLIST_KEY_UIApplicationSupportsIndirectInputEvents = YES;
				INFOPLIST_KEY_UILaunchStoryboardName = LaunchScreen;
				INFOPLIST_KEY_UIMainStoryboardFile = Main;
				INFOPLIST_KEY_UISupportedInterfaceOrientations_iPad = "UIInterfaceOrientationPortrait UIInterfaceOrientationPortraitUpsideDown UIInterfaceOrientationLandscapeLeft UIInterfaceOrientationLandscapeRight";
				INFOPLIST_KEY_UISupportedInterfaceOrientations_iPhone = "UIInterfaceOrientationPortrait UIInterfaceOrientationLandscapeLeft UIInterfaceOrientationLandscapeRight";
				LD_RUNPATH_SEARCH_PATHS = (
					"$(inherited)",
					"@executable_path/Frameworks",
				);
				MARKETING_VERSION = 1.0;
				PRODUCT_BUNDLE_IDENTIFIER = Acho.CooperationApp;
				PRODUCT_NAME = "$(TARGET_NAME)";
				SWIFT_EMIT_LOC_STRINGS = YES;
				SWIFT_VERSION = 5.0;
				TARGETED_DEVICE_FAMILY = "1,2";
			};
			name = Debug;
		};
		93DEFA9B27FAFF1700827C79 /* Release */ = {
			isa = XCBuildConfiguration;
			baseConfigurationReference = B4A1AF8A17CFCEBC490BF037 /* Pods-CooperationApp.release.xcconfig */;
			buildSettings = {
				ASSETCATALOG_COMPILER_APPICON_NAME = AppIcon;
				ASSETCATALOG_COMPILER_GLOBAL_ACCENT_COLOR_NAME = AccentColor;
				CODE_SIGN_STYLE = Automatic;
				CURRENT_PROJECT_VERSION = 1;
				DEVELOPMENT_TEAM = 4J3RK7L42Z;
				GENERATE_INFOPLIST_FILE = YES;
				INFOPLIST_FILE = CooperationApp/Info.plist;
				INFOPLIST_KEY_UIApplicationSupportsIndirectInputEvents = YES;
				INFOPLIST_KEY_UILaunchStoryboardName = LaunchScreen;
				INFOPLIST_KEY_UIMainStoryboardFile = Main;
				INFOPLIST_KEY_UISupportedInterfaceOrientations_iPad = "UIInterfaceOrientationPortrait UIInterfaceOrientationPortraitUpsideDown UIInterfaceOrientationLandscapeLeft UIInterfaceOrientationLandscapeRight";
				INFOPLIST_KEY_UISupportedInterfaceOrientations_iPhone = "UIInterfaceOrientationPortrait UIInterfaceOrientationLandscapeLeft UIInterfaceOrientationLandscapeRight";
				LD_RUNPATH_SEARCH_PATHS = (
					"$(inherited)",
					"@executable_path/Frameworks",
				);
				MARKETING_VERSION = 1.0;
				PRODUCT_BUNDLE_IDENTIFIER = Acho.CooperationApp;
				PRODUCT_NAME = "$(TARGET_NAME)";
				SWIFT_EMIT_LOC_STRINGS = YES;
				SWIFT_VERSION = 5.0;
				TARGETED_DEVICE_FAMILY = "1,2";
			};
			name = Release;
		};
/* End XCBuildConfiguration section */

/* Begin XCConfigurationList section */
		93DEFA7D27FAFF1500827C79 /* Build configuration list for PBXProject "CooperationApp" */ = {
			isa = XCConfigurationList;
			buildConfigurations = (
				93DEFA9727FAFF1700827C79 /* Debug */,
				93DEFA9827FAFF1700827C79 /* Release */,
			);
			defaultConfigurationIsVisible = 0;
			defaultConfigurationName = Release;
		};
		93DEFA9927FAFF1700827C79 /* Build configuration list for PBXNativeTarget "CooperationApp" */ = {
			isa = XCConfigurationList;
			buildConfigurations = (
				93DEFA9A27FAFF1700827C79 /* Debug */,
				93DEFA9B27FAFF1700827C79 /* Release */,
			);
			defaultConfigurationIsVisible = 0;
			defaultConfigurationName = Release;
		};
/* End XCConfigurationList section */

/* Begin XCVersionGroup section */
		93DEFA8E27FAFF1600827C79 /* CooperationApp.xcdatamodeld */ = {
			isa = XCVersionGroup;
			children = (
				93DEFA8F27FAFF1600827C79 /* CooperationApp.xcdatamodel */,
			);
			currentVersion = 93DEFA8F27FAFF1600827C79 /* CooperationApp.xcdatamodel */;
			path = CooperationApp.xcdatamodeld;
			sourceTree = "<group>";
			versionGroupType = wrapper.xcdatamodel;
		};
/* End XCVersionGroup section */
	};
	rootObject = 93DEFA7A27FAFF1500827C79 /* Project object */;
}
